// !$*UTF8*$!
{
	archiveVersion = 1;
	classes = {
	};
	objectVersion = 46;
	objects = {

/* Begin PBXBuildFile section */
		450A50D51E853B3700433A61 /* HeadCollectionView.m in Sources */ = {isa = PBXBuildFile; fileRef = 450A50D41E853B3700433A61 /* HeadCollectionView.m */; };
		450A50D81E853B5A00433A61 /* MBProgressHUD.m in Sources */ = {isa = PBXBuildFile; fileRef = 450A50D71E853B5A00433A61 /* MBProgressHUD.m */; };
		450A50DB1E853B7000433A61 /* RCAnnotation.m in Sources */ = {isa = PBXBuildFile; fileRef = 450A50DA1E853B6F00433A61 /* RCAnnotation.m */; };
		450A50DE1E853B9500433A61 /* RCDUtilities.m in Sources */ = {isa = PBXBuildFile; fileRef = 450A50DD1E853B9500433A61 /* RCDUtilities.m */; };
		450A50E11E853BA800433A61 /* RCAnnotationView.m in Sources */ = {isa = PBXBuildFile; fileRef = 450A50E01E853BA800433A61 /* RCAnnotationView.m */; };
		450A50E41E853BBD00433A61 /* RCLocationView.m in Sources */ = {isa = PBXBuildFile; fileRef = 450A50E31E853BBD00433A61 /* RCLocationView.m */; };
		450A50E71E853BDC00433A61 /* RCLocationConvert.m in Sources */ = {isa = PBXBuildFile; fileRef = 450A50E61E853BDC00433A61 /* RCLocationConvert.m */; };
		450A50EA1E853C1300433A61 /* UIColor+RCColor.m in Sources */ = {isa = PBXBuildFile; fileRef = 450A50E91E853C1300433A61 /* UIColor+RCColor.m */; };
		450A50ED1E853C3200433A61 /* DefaultPortraitView.m in Sources */ = {isa = PBXBuildFile; fileRef = 450A50EC1E853C3200433A61 /* DefaultPortraitView.m */; };
		450A50F11E853CB200433A61 /* RCDUserInfo.m in Sources */ = {isa = PBXBuildFile; fileRef = 450A50F01E853CB200433A61 /* RCDUserInfo.m */; };
		451B28501E7D27C00024B336 /* CoreTelephony.framework in Frameworks */ = {isa = PBXBuildFile; fileRef = 451B284F1E7D27C00024B336 /* CoreTelephony.framework */; };
		451B28521E7D27CE0024B336 /* QuartzCore.framework in Frameworks */ = {isa = PBXBuildFile; fileRef = 451B28511E7D27CE0024B336 /* QuartzCore.framework */; };
		451B28541E7D27DF0024B336 /* CoreText.framework in Frameworks */ = {isa = PBXBuildFile; fileRef = 451B28531E7D27DF0024B336 /* CoreText.framework */; };
		451B28561E7D27F20024B336 /* CFNetwork.framework in Frameworks */ = {isa = PBXBuildFile; fileRef = 451B28551E7D27F20024B336 /* CFNetwork.framework */; };
		451B28581E7D27FC0024B336 /* CoreMotion.framework in Frameworks */ = {isa = PBXBuildFile; fileRef = 451B28571E7D27FC0024B336 /* CoreMotion.framework */; };
		451B285A1E7D28210024B336 /* libz.tbd in Frameworks */ = {isa = PBXBuildFile; fileRef = 451B28591E7D28210024B336 /* libz.tbd */; };
		451B285C1E7D282D0024B336 /* libc++.tbd in Frameworks */ = {isa = PBXBuildFile; fileRef = 451B285B1E7D282D0024B336 /* libc++.tbd */; };
		4556F0C51E85116B00E1E2FE /* MyLocationViewController.m in Sources */ = {isa = PBXBuildFile; fileRef = 4556F0C41E85116B00E1E2FE /* MyLocationViewController.m */; };
		4557CB751E7B982800F22E70 /* AppCenterController.m in Sources */ = {isa = PBXBuildFile; fileRef = 4557CB741E7B982800F22E70 /* AppCenterController.m */; };
		4557CB781E7BB95400F22E70 /* AppTwoCell.m in Sources */ = {isa = PBXBuildFile; fileRef = 4557CB771E7BB95400F22E70 /* AppTwoCell.m */; };
		4557CB7B1E7BBC8200F22E70 /* AppModel.m in Sources */ = {isa = PBXBuildFile; fileRef = 4557CB7A1E7BBC8200F22E70 /* AppModel.m */; };
		4557CB7E1E7BBD2600F22E70 /* DataSource.m in Sources */ = {isa = PBXBuildFile; fileRef = 4557CB7D1E7BBD2600F22E70 /* DataSource.m */; };
		4557CB811E7BC3CC00F22E70 /* UIBarButtonItem+NagivationButton.m in Sources */ = {isa = PBXBuildFile; fileRef = 4557CB801E7BC3CC00F22E70 /* UIBarButtonItem+NagivationButton.m */; };
		4557CB841E7BC84D00F22E70 /* FirstAppDataBaseSingleton.m in Sources */ = {isa = PBXBuildFile; fileRef = 4557CB831E7BC84D00F22E70 /* FirstAppDataBaseSingleton.m */; };
		4557CB871E7BE88900F22E70 /* ChatDetailController.m in Sources */ = {isa = PBXBuildFile; fileRef = 4557CB861E7BE88900F22E70 /* ChatDetailController.m */; };
		455930CF1E835A110041F6F9 /* ImageUrl.m in Sources */ = {isa = PBXBuildFile; fileRef = 455930CE1E835A110041F6F9 /* ImageUrl.m */; };
		455FA1641E7A660F00C85AE7 /* TravelCell.m in Sources */ = {isa = PBXBuildFile; fileRef = 455FA1631E7A660F00C85AE7 /* TravelCell.m */; };
		455FA1671E7A831000C85AE7 /* ClaimCell.m in Sources */ = {isa = PBXBuildFile; fileRef = 455FA1661E7A831000C85AE7 /* ClaimCell.m */; };
		455FA16A1E7A833000C85AE7 /* ApplicationCenterCell.m in Sources */ = {isa = PBXBuildFile; fileRef = 455FA1691E7A833000C85AE7 /* ApplicationCenterCell.m */; };
		455FA16D1E7A8C6D00C85AE7 /* ClaimModel.m in Sources */ = {isa = PBXBuildFile; fileRef = 455FA16C1E7A8C6D00C85AE7 /* ClaimModel.m */; };
		455FA1701E7A8E3600C85AE7 /* ClaimDataBaseSingleton.m in Sources */ = {isa = PBXBuildFile; fileRef = 455FA16F1E7A8E3600C85AE7 /* ClaimDataBaseSingleton.m */; };
		455FA30D1E7631A90039B155 /* main.m in Sources */ = {isa = PBXBuildFile; fileRef = 455FA30C1E7631A90039B155 /* main.m */; };
		455FA3101E7631A90039B155 /* AppDelegate.m in Sources */ = {isa = PBXBuildFile; fileRef = 455FA30F1E7631A90039B155 /* AppDelegate.m */; };
		455FA3161E7631A90039B155 /* Main.storyboard in Resources */ = {isa = PBXBuildFile; fileRef = 455FA3141E7631A90039B155 /* Main.storyboard */; };
		455FA3191E7631A90039B155 /* CommunityProject.xcdatamodeld in Sources */ = {isa = PBXBuildFile; fileRef = 455FA3171E7631A90039B155 /* CommunityProject.xcdatamodeld */; };
		455FA31B1E7631A90039B155 /* Assets.xcassets in Resources */ = {isa = PBXBuildFile; fileRef = 455FA31A1E7631A90039B155 /* Assets.xcassets */; };
		455FA31E1E7631A90039B155 /* LaunchScreen.storyboard in Resources */ = {isa = PBXBuildFile; fileRef = 455FA31C1E7631A90039B155 /* LaunchScreen.storyboard */; };
		455FA3441E7693C70039B155 /* FirstPage.storyboard in Resources */ = {isa = PBXBuildFile; fileRef = 455FA3431E7693C70039B155 /* FirstPage.storyboard */; };
		455FA3461E7693F00039B155 /* WeChat.storyboard in Resources */ = {isa = PBXBuildFile; fileRef = 455FA3451E7693F00039B155 /* WeChat.storyboard */; };
		455FA3481E7694020039B155 /* Mine.storyboard in Resources */ = {isa = PBXBuildFile; fileRef = 455FA3471E7694020039B155 /* Mine.storyboard */; };
		455FA34B1E769C8C0039B155 /* MainTabBarController.m in Sources */ = {isa = PBXBuildFile; fileRef = 455FA34A1E769C8C0039B155 /* MainTabBarController.m */; };
		455FA34E1E76A2940039B155 /* FirstController.m in Sources */ = {isa = PBXBuildFile; fileRef = 455FA34D1E76A2940039B155 /* FirstController.m */; };
		455FA3511E76A2B60039B155 /* ChatMainController.m in Sources */ = {isa = PBXBuildFile; fileRef = 455FA3501E76A2B60039B155 /* ChatMainController.m */; };
		455FA3541E76A2C60039B155 /* MineController.m in Sources */ = {isa = PBXBuildFile; fileRef = 455FA3531E76A2C60039B155 /* MineController.m */; };
		455FA35E1E76A5260039B155 /* LoginController.m in Sources */ = {isa = PBXBuildFile; fileRef = 455FA35D1E76A5260039B155 /* LoginController.m */; };
		455FA3601E76A5370039B155 /* Login.storyboard in Resources */ = {isa = PBXBuildFile; fileRef = 455FA35F1E76A5370039B155 /* Login.storyboard */; };
		4562D7311E7F6DFC00C6EE56 /* GroupActivityListController.m in Sources */ = {isa = PBXBuildFile; fileRef = 4562D7301E7F6DFC00C6EE56 /* GroupActivityListController.m */; };
		4562D7331E7F6E2700C6EE56 /* Group.storyboard in Resources */ = {isa = PBXBuildFile; fileRef = 4562D7321E7F6E2700C6EE56 /* Group.storyboard */; };
		4562D7361E7F75EA00C6EE56 /* ActivityListCell.m in Sources */ = {isa = PBXBuildFile; fileRef = 4562D7351E7F75EA00C6EE56 /* ActivityListCell.m */; };
		4562D7391E7F792D00C6EE56 /* ActivityListModel.m in Sources */ = {isa = PBXBuildFile; fileRef = 4562D7381E7F792D00C6EE56 /* ActivityListModel.m */; };
		4562D73C1E7F7B6A00C6EE56 /* UIView+ChatWhiteView.m in Sources */ = {isa = PBXBuildFile; fileRef = 4562D73B1E7F7B6A00C6EE56 /* UIView+ChatWhiteView.m */; };
		4562D73F1E7F828D00C6EE56 /* ActivityListDatabaseSingleton.m in Sources */ = {isa = PBXBuildFile; fileRef = 4562D73E1E7F828D00C6EE56 /* ActivityListDatabaseSingleton.m */; };
		4562D7421E7F88C200C6EE56 /* NowDate.m in Sources */ = {isa = PBXBuildFile; fileRef = 4562D7411E7F88C200C6EE56 /* NowDate.m */; };
		4562D7451E7FAC0200C6EE56 /* CreateActivityController.m in Sources */ = {isa = PBXBuildFile; fileRef = 4562D7441E7FAC0200C6EE56 /* CreateActivityController.m */; };
		4562D7481E7FB9A000C6EE56 /* UploadImageNet.m in Sources */ = {isa = PBXBuildFile; fileRef = 4562D7471E7FB9A000C6EE56 /* UploadImageNet.m */; };
		4562D74B1E7FB9BA00C6EE56 /* ReduceImage.m in Sources */ = {isa = PBXBuildFile; fileRef = 4562D74A1E7FB9BA00C6EE56 /* ReduceImage.m */; };
		4562D74E1E7FB9E500C6EE56 /* UploadMulDocuments.m in Sources */ = {isa = PBXBuildFile; fileRef = 4562D74D1E7FB9E500C6EE56 /* UploadMulDocuments.m */; };
		4562D7511E7FBD3A00C6EE56 /* UploadImageModel.m in Sources */ = {isa = PBXBuildFile; fileRef = 4562D7501E7FBD3A00C6EE56 /* UploadImageModel.m */; };
		4562D7541E7FD6BD00C6EE56 /* ActImageCell.m in Sources */ = {isa = PBXBuildFile; fileRef = 4562D7531E7FD6BD00C6EE56 /* ActImageCell.m */; };
		4562D7571E7FD7C900C6EE56 /* UploadActImageNet.m in Sources */ = {isa = PBXBuildFile; fileRef = 4562D7561E7FD7C900C6EE56 /* UploadActImageNet.m */; };
		4562D75D1E7FDC1B00C6EE56 /* UIButton+button.m in Sources */ = {isa = PBXBuildFile; fileRef = 4562D75C1E7FDC1B00C6EE56 /* UIButton+button.m */; };
		4562D7601E7FDFD900C6EE56 /* UIView+ChatMoreView.m in Sources */ = {isa = PBXBuildFile; fileRef = 4562D75F1E7FDFD900C6EE56 /* UIView+ChatMoreView.m */; };
		4562D7941E80BB5D00C6EE56 /* AssetsLibrary.framework in Frameworks */ = {isa = PBXBuildFile; fileRef = 4562D7931E80BB5D00C6EE56 /* AssetsLibrary.framework */; };
		4562D7961E80BB6900C6EE56 /* AudioToolbox.framework in Frameworks */ = {isa = PBXBuildFile; fileRef = 4562D7951E80BB6900C6EE56 /* AudioToolbox.framework */; };
		4562D7981E80BB7400C6EE56 /* AVFoundation.framework in Frameworks */ = {isa = PBXBuildFile; fileRef = 4562D7971E80BB7400C6EE56 /* AVFoundation.framework */; };
		4562D79A1E80BB8400C6EE56 /* CoreAudio.framework in Frameworks */ = {isa = PBXBuildFile; fileRef = 4562D7991E80BB8400C6EE56 /* CoreAudio.framework */; };
		4562D79C1E80BB9D00C6EE56 /* CoreGraphics.framework in Frameworks */ = {isa = PBXBuildFile; fileRef = 4562D79B1E80BB9D00C6EE56 /* CoreGraphics.framework */; };
		4562D79E1E80BBA600C6EE56 /* CoreLocation.framework in Frameworks */ = {isa = PBXBuildFile; fileRef = 4562D79D1E80BBA600C6EE56 /* CoreLocation.framework */; };
		4562D7A01E80BBB100C6EE56 /* CoreMedia.framework in Frameworks */ = {isa = PBXBuildFile; fileRef = 4562D79F1E80BBB100C6EE56 /* CoreMedia.framework */; };
		4562D7A21E80BBC300C6EE56 /* CoreVideo.framework in Frameworks */ = {isa = PBXBuildFile; fileRef = 4562D7A11E80BBC300C6EE56 /* CoreVideo.framework */; };
		4562D7A41E80BBCA00C6EE56 /* ImageIO.framework in Frameworks */ = {isa = PBXBuildFile; fileRef = 4562D7A31E80BBCA00C6EE56 /* ImageIO.framework */; };
		4562D7A61E80BBD900C6EE56 /* libc++abi.tbd in Frameworks */ = {isa = PBXBuildFile; fileRef = 4562D7A51E80BBD900C6EE56 /* libc++abi.tbd */; };
		4562D7A81E80BBE400C6EE56 /* libsqlite3.tbd in Frameworks */ = {isa = PBXBuildFile; fileRef = 4562D7A71E80BBE400C6EE56 /* libsqlite3.tbd */; };
		4562D7AA1E80BBF200C6EE56 /* libstdc++.tbd in Frameworks */ = {isa = PBXBuildFile; fileRef = 4562D7A91E80BBF200C6EE56 /* libstdc++.tbd */; };
		4562D7AC1E80BBFC00C6EE56 /* libxml2.tbd in Frameworks */ = {isa = PBXBuildFile; fileRef = 4562D7AB1E80BBFC00C6EE56 /* libxml2.tbd */; };
		4562D7AE1E80BC0700C6EE56 /* MapKit.framework in Frameworks */ = {isa = PBXBuildFile; fileRef = 4562D7AD1E80BC0700C6EE56 /* MapKit.framework */; };
		4562D7B01E80BC1200C6EE56 /* OpenGLES.framework in Frameworks */ = {isa = PBXBuildFile; fileRef = 4562D7AF1E80BC1200C6EE56 /* OpenGLES.framework */; };
		4562D7B21E80BC2A00C6EE56 /* SystemConfiguration.framework in Frameworks */ = {isa = PBXBuildFile; fileRef = 4562D7B11E80BC2A00C6EE56 /* SystemConfiguration.framework */; };
		4562D7B41E80BC3400C6EE56 /* UIKit.framework in Frameworks */ = {isa = PBXBuildFile; fileRef = 4562D7B31E80BC3400C6EE56 /* UIKit.framework */; };
		4562D7B61E80BC3B00C6EE56 /* Photos.framework in Frameworks */ = {isa = PBXBuildFile; fileRef = 4562D7B51E80BC3B00C6EE56 /* Photos.framework */; };
		4562D7B81E80BC4300C6EE56 /* SafariServices.framework in Frameworks */ = {isa = PBXBuildFile; fileRef = 4562D7B71E80BC4300C6EE56 /* SafariServices.framework */; };
		4562D7BA1E80BDEA00C6EE56 /* Foundation.framework in Frameworks */ = {isa = PBXBuildFile; fileRef = 4562D7B91E80BDEA00C6EE56 /* Foundation.framework */; };
		4562D7F11E80C3EF00C6EE56 /* VideoToolbox.framework in Frameworks */ = {isa = PBXBuildFile; fileRef = 4562D7F01E80C3EF00C6EE56 /* VideoToolbox.framework */; };
		4562D7F31E80DC1900C6EE56 /* Address.storyboard in Resources */ = {isa = PBXBuildFile; fileRef = 4562D7F21E80DC1900C6EE56 /* Address.storyboard */; };
		4562D7F61E80F8A900C6EE56 /* AddressCell.m in Sources */ = {isa = PBXBuildFile; fileRef = 4562D7F51E80F8A900C6EE56 /* AddressCell.m */; };
		4562D7F91E80FF2800C6EE56 /* AddressListController.m in Sources */ = {isa = PBXBuildFile; fileRef = 4562D7F81E80FF2800C6EE56 /* AddressListController.m */; };
		4562D7FB1E810CEF00C6EE56 /* AddressBook.framework in Frameworks */ = {isa = PBXBuildFile; fileRef = 4562D7FA1E810CEF00C6EE56 /* AddressBook.framework */; };
		4562D7FD1E810DED00C6EE56 /* Contacts.framework in Frameworks */ = {isa = PBXBuildFile; fileRef = 4562D7FC1E810DED00C6EE56 /* Contacts.framework */; };
		4562D8031E81300F00C6EE56 /* GroupListCell.m in Sources */ = {isa = PBXBuildFile; fileRef = 4562D8021E81300F00C6EE56 /* GroupListCell.m */; };
		4562D8061E8134A900C6EE56 /* GroupListController.m in Sources */ = {isa = PBXBuildFile; fileRef = 4562D8051E8134A900C6EE56 /* GroupListController.m */; };
		456CCE601E827CD7005EC051 /* RongCallKit.framework in Frameworks */ = {isa = PBXBuildFile; fileRef = 456CCE421E827CD7005EC051 /* RongCallKit.framework */; };
		456CCE611E827CD7005EC051 /* AgoraRtcEngineKit.framework in Frameworks */ = {isa = PBXBuildFile; fileRef = 456CCE441E827CD7005EC051 /* AgoraRtcEngineKit.framework */; };
		456CCE621E827CD7005EC051 /* RongCallLib.framework in Frameworks */ = {isa = PBXBuildFile; fileRef = 456CCE451E827CD7005EC051 /* RongCallLib.framework */; };
		456CCE631E827CD7005EC051 /* Emoji.plist in Resources */ = {isa = PBXBuildFile; fileRef = 456CCE471E827CD7005EC051 /* Emoji.plist */; };
		456CCE641E827CD8005EC051 /* RongCloudKit.strings in Resources */ = {isa = PBXBuildFile; fileRef = 456CCE481E827CD7005EC051 /* RongCloudKit.strings */; };
		456CCE651E827CD8005EC051 /* RongCloud.bundle in Resources */ = {isa = PBXBuildFile; fileRef = 456CCE4A1E827CD7005EC051 /* RongCloud.bundle */; };
		456CCE661E827CD8005EC051 /* RongIMKit.framework in Frameworks */ = {isa = PBXBuildFile; fileRef = 456CCE4B1E827CD7005EC051 /* RongIMKit.framework */; };
		456CCE671E827CD8005EC051 /* libopencore-amrnb.a in Frameworks */ = {isa = PBXBuildFile; fileRef = 456CCE4E1E827CD7005EC051 /* libopencore-amrnb.a */; };
		456CCE681E827CD8005EC051 /* RCConfig.plist in Resources */ = {isa = PBXBuildFile; fileRef = 456CCE4F1E827CD7005EC051 /* RCConfig.plist */; };
		456CCE691E827CD8005EC051 /* RongIMLib.framework in Frameworks */ = {isa = PBXBuildFile; fileRef = 456CCE501E827CD7005EC051 /* RongIMLib.framework */; };
		456CCE6A1E827CD8005EC051 /* AlipaySDK.bundle in Resources */ = {isa = PBXBuildFile; fileRef = 456CCE531E827CD7005EC051 /* AlipaySDK.bundle */; };
		456CCE6B1E827CD8005EC051 /* AlipaySDK.framework in Frameworks */ = {isa = PBXBuildFile; fileRef = 456CCE541E827CD7005EC051 /* AlipaySDK.framework */; };
		456CCE6C1E827CD8005EC051 /* JrmfInfo.strings in Resources */ = {isa = PBXBuildFile; fileRef = 456CCE561E827CD7005EC051 /* JrmfInfo.strings */; };
		456CCE6D1E827CD8005EC051 /* JResource.bundle in Resources */ = {isa = PBXBuildFile; fileRef = 456CCE581E827CD7005EC051 /* JResource.bundle */; };
		456CCE6E1E827CD8005EC051 /* jrmf.cer in Resources */ = {isa = PBXBuildFile; fileRef = 456CCE591E827CD7005EC051 /* jrmf.cer */; };
		456CCE6F1E827CD8005EC051 /* JrmfPacketKit.framework in Frameworks */ = {isa = PBXBuildFile; fileRef = 456CCE5A1E827CD7005EC051 /* JrmfPacketKit.framework */; };
		456CCE701E827CD8005EC051 /* JrmfWalletKit.framework in Frameworks */ = {isa = PBXBuildFile; fileRef = 456CCE5B1E827CD7005EC051 /* JrmfWalletKit.framework */; };
		456CCE711E827CD8005EC051 /* JYangToolKit.framework in Frameworks */ = {isa = PBXBuildFile; fileRef = 456CCE5C1E827CD7005EC051 /* JYangToolKit.framework */; };
		456CCE721E827CD8005EC051 /* WalletResource.bundle in Resources */ = {isa = PBXBuildFile; fileRef = 456CCE5D1E827CD7005EC051 /* WalletResource.bundle */; };
		456CCE731E827CD8005EC051 /* release_notes_ios.txt in Resources */ = {isa = PBXBuildFile; fileRef = 456CCE5F1E827CD7005EC051 /* release_notes_ios.txt */; };
		457D3CAC1E77857700FD0309 /* AFNetData.m in Sources */ = {isa = PBXBuildFile; fileRef = 457D3CAB1E77857700FD0309 /* AFNetData.m */; };
		457D3CAF1E77858000FD0309 /* FixMemoryLeak.m in Sources */ = {isa = PBXBuildFile; fileRef = 457D3CAE1E77858000FD0309 /* FixMemoryLeak.m */; };
		457D3CB21E7785BF00FD0309 /* AFSecuteCertificate.m in Sources */ = {isa = PBXBuildFile; fileRef = 457D3CB11E7785BF00FD0309 /* AFSecuteCertificate.m */; };
		457D3CB51E778E8B00FD0309 /* MessageAlertView.m in Sources */ = {isa = PBXBuildFile; fileRef = 457D3CB41E778E8B00FD0309 /* MessageAlertView.m */; };
		457D3CC41E77CD6900FD0309 /* AddressDataBaseSingleton.m in Sources */ = {isa = PBXBuildFile; fileRef = 457D3CC31E77CD6900FD0309 /* AddressDataBaseSingleton.m */; };
		457D3CC71E77CD7400FD0309 /* FriendsListModel.m in Sources */ = {isa = PBXBuildFile; fileRef = 457D3CC61E77CD7400FD0309 /* FriendsListModel.m */; };
		457D3CD01E77CE3500FD0309 /* GroupDatabaseSingleton.m in Sources */ = {isa = PBXBuildFile; fileRef = 457D3CCD1E77CE3500FD0309 /* GroupDatabaseSingleton.m */; };
		457D3CD11E77CE3500FD0309 /* GroupModel.m in Sources */ = {isa = PBXBuildFile; fileRef = 457D3CCF1E77CE3500FD0309 /* GroupModel.m */; };
		457D3CD41E77E98200FD0309 /* ConfirmInfoController.m in Sources */ = {isa = PBXBuildFile; fileRef = 457D3CD31E77E98200FD0309 /* ConfirmInfoController.m */; };
		45D1102A1E8538A6009F2C4E /* RealTimeLocationEndCell.m in Sources */ = {isa = PBXBuildFile; fileRef = 45D110291E8538A6009F2C4E /* RealTimeLocationEndCell.m */; };
		45D1102D1E8538C0009F2C4E /* RealTimeLocationStartCell.m in Sources */ = {isa = PBXBuildFile; fileRef = 45D1102C1E8538C0009F2C4E /* RealTimeLocationStartCell.m */; };
		45D110301E8538E2009F2C4E /* RealTimeLocationViewController.m in Sources */ = {isa = PBXBuildFile; fileRef = 45D1102F1E8538E2009F2C4E /* RealTimeLocationViewController.m */; };
		45D110331E85390D009F2C4E /* RealTimeLocationStatusView.m in Sources */ = {isa = PBXBuildFile; fileRef = 45D110321E85390D009F2C4E /* RealTimeLocationStatusView.m */; };
		A7A6D25426573DF78E3813F3 /* libPods-CommunityProject.a in Frameworks */ = {isa = PBXBuildFile; fileRef = E46915D732FF20A1CABB71B5 /* libPods-CommunityProject.a */; };
/* End PBXBuildFile section */

/* Begin PBXFileReference section */
		450A50D31E853B3700433A61 /* HeadCollectionView.h */ = {isa = PBXFileReference; fileEncoding = 4; lastKnownFileType = sourcecode.c.h; path = HeadCollectionView.h; sourceTree = "<group>"; };
		450A50D41E853B3700433A61 /* HeadCollectionView.m */ = {isa = PBXFileReference; fileEncoding = 4; lastKnownFileType = sourcecode.c.objc; path = HeadCollectionView.m; sourceTree = "<group>"; };
		450A50D61E853B5A00433A61 /* MBProgressHUD.h */ = {isa = PBXFileReference; fileEncoding = 4; lastKnownFileType = sourcecode.c.h; path = MBProgressHUD.h; sourceTree = "<group>"; };
		450A50D71E853B5A00433A61 /* MBProgressHUD.m */ = {isa = PBXFileReference; fileEncoding = 4; lastKnownFileType = sourcecode.c.objc; path = MBProgressHUD.m; sourceTree = "<group>"; };
		450A50D91E853B6F00433A61 /* RCAnnotation.h */ = {isa = PBXFileReference; fileEncoding = 4; lastKnownFileType = sourcecode.c.h; path = RCAnnotation.h; sourceTree = "<group>"; };
		450A50DA1E853B6F00433A61 /* RCAnnotation.m */ = {isa = PBXFileReference; fileEncoding = 4; lastKnownFileType = sourcecode.c.objc; path = RCAnnotation.m; sourceTree = "<group>"; };
		450A50DC1E853B9500433A61 /* RCDUtilities.h */ = {isa = PBXFileReference; fileEncoding = 4; lastKnownFileType = sourcecode.c.h; path = RCDUtilities.h; sourceTree = "<group>"; };
		450A50DD1E853B9500433A61 /* RCDUtilities.m */ = {isa = PBXFileReference; fileEncoding = 4; lastKnownFileType = sourcecode.c.objc; path = RCDUtilities.m; sourceTree = "<group>"; };
		450A50DF1E853BA800433A61 /* RCAnnotationView.h */ = {isa = PBXFileReference; fileEncoding = 4; lastKnownFileType = sourcecode.c.h; path = RCAnnotationView.h; sourceTree = "<group>"; };
		450A50E01E853BA800433A61 /* RCAnnotationView.m */ = {isa = PBXFileReference; fileEncoding = 4; lastKnownFileType = sourcecode.c.objc; path = RCAnnotationView.m; sourceTree = "<group>"; };
		450A50E21E853BBD00433A61 /* RCLocationView.h */ = {isa = PBXFileReference; fileEncoding = 4; lastKnownFileType = sourcecode.c.h; path = RCLocationView.h; sourceTree = "<group>"; };
		450A50E31E853BBD00433A61 /* RCLocationView.m */ = {isa = PBXFileReference; fileEncoding = 4; lastKnownFileType = sourcecode.c.objc; path = RCLocationView.m; sourceTree = "<group>"; };
		450A50E51E853BDC00433A61 /* RCLocationConvert.h */ = {isa = PBXFileReference; fileEncoding = 4; lastKnownFileType = sourcecode.c.h; path = RCLocationConvert.h; sourceTree = "<group>"; };
		450A50E61E853BDC00433A61 /* RCLocationConvert.m */ = {isa = PBXFileReference; fileEncoding = 4; lastKnownFileType = sourcecode.c.objc; path = RCLocationConvert.m; sourceTree = "<group>"; };
		450A50E81E853C1300433A61 /* UIColor+RCColor.h */ = {isa = PBXFileReference; fileEncoding = 4; lastKnownFileType = sourcecode.c.h; path = "UIColor+RCColor.h"; sourceTree = "<group>"; };
		450A50E91E853C1300433A61 /* UIColor+RCColor.m */ = {isa = PBXFileReference; fileEncoding = 4; lastKnownFileType = sourcecode.c.objc; path = "UIColor+RCColor.m"; sourceTree = "<group>"; };
		450A50EB1E853C3200433A61 /* DefaultPortraitView.h */ = {isa = PBXFileReference; fileEncoding = 4; lastKnownFileType = sourcecode.c.h; path = DefaultPortraitView.h; sourceTree = "<group>"; };
		450A50EC1E853C3200433A61 /* DefaultPortraitView.m */ = {isa = PBXFileReference; fileEncoding = 4; lastKnownFileType = sourcecode.c.objc; path = DefaultPortraitView.m; sourceTree = "<group>"; };
		450A50EF1E853CB200433A61 /* RCDUserInfo.h */ = {isa = PBXFileReference; fileEncoding = 4; lastKnownFileType = sourcecode.c.h; path = RCDUserInfo.h; sourceTree = "<group>"; };
		450A50F01E853CB200433A61 /* RCDUserInfo.m */ = {isa = PBXFileReference; fileEncoding = 4; lastKnownFileType = sourcecode.c.objc; path = RCDUserInfo.m; sourceTree = "<group>"; };
		451B284F1E7D27C00024B336 /* CoreTelephony.framework */ = {isa = PBXFileReference; lastKnownFileType = wrapper.framework; name = CoreTelephony.framework; path = System/Library/Frameworks/CoreTelephony.framework; sourceTree = SDKROOT; };
		451B28511E7D27CE0024B336 /* QuartzCore.framework */ = {isa = PBXFileReference; lastKnownFileType = wrapper.framework; name = QuartzCore.framework; path = System/Library/Frameworks/QuartzCore.framework; sourceTree = SDKROOT; };
		451B28531E7D27DF0024B336 /* CoreText.framework */ = {isa = PBXFileReference; lastKnownFileType = wrapper.framework; name = CoreText.framework; path = System/Library/Frameworks/CoreText.framework; sourceTree = SDKROOT; };
		451B28551E7D27F20024B336 /* CFNetwork.framework */ = {isa = PBXFileReference; lastKnownFileType = wrapper.framework; name = CFNetwork.framework; path = System/Library/Frameworks/CFNetwork.framework; sourceTree = SDKROOT; };
		451B28571E7D27FC0024B336 /* CoreMotion.framework */ = {isa = PBXFileReference; lastKnownFileType = wrapper.framework; name = CoreMotion.framework; path = System/Library/Frameworks/CoreMotion.framework; sourceTree = SDKROOT; };
		451B28591E7D28210024B336 /* libz.tbd */ = {isa = PBXFileReference; lastKnownFileType = "sourcecode.text-based-dylib-definition"; name = libz.tbd; path = usr/lib/libz.tbd; sourceTree = SDKROOT; };
		451B285B1E7D282D0024B336 /* libc++.tbd */ = {isa = PBXFileReference; lastKnownFileType = "sourcecode.text-based-dylib-definition"; name = "libc++.tbd"; path = "usr/lib/libc++.tbd"; sourceTree = SDKROOT; };
		4556F0C31E85116B00E1E2FE /* MyLocationViewController.h */ = {isa = PBXFileReference; fileEncoding = 4; lastKnownFileType = sourcecode.c.h; path = MyLocationViewController.h; sourceTree = "<group>"; };
		4556F0C41E85116B00E1E2FE /* MyLocationViewController.m */ = {isa = PBXFileReference; fileEncoding = 4; lastKnownFileType = sourcecode.c.objc; path = MyLocationViewController.m; sourceTree = "<group>"; };
		4557CB731E7B982800F22E70 /* AppCenterController.h */ = {isa = PBXFileReference; fileEncoding = 4; lastKnownFileType = sourcecode.c.h; path = AppCenterController.h; sourceTree = "<group>"; };
		4557CB741E7B982800F22E70 /* AppCenterController.m */ = {isa = PBXFileReference; fileEncoding = 4; lastKnownFileType = sourcecode.c.objc; path = AppCenterController.m; sourceTree = "<group>"; };
		4557CB761E7BB95400F22E70 /* AppTwoCell.h */ = {isa = PBXFileReference; fileEncoding = 4; lastKnownFileType = sourcecode.c.h; path = AppTwoCell.h; sourceTree = "<group>"; };
		4557CB771E7BB95400F22E70 /* AppTwoCell.m */ = {isa = PBXFileReference; fileEncoding = 4; lastKnownFileType = sourcecode.c.objc; path = AppTwoCell.m; sourceTree = "<group>"; };
		4557CB791E7BBC8200F22E70 /* AppModel.h */ = {isa = PBXFileReference; fileEncoding = 4; lastKnownFileType = sourcecode.c.h; path = AppModel.h; sourceTree = "<group>"; };
		4557CB7A1E7BBC8200F22E70 /* AppModel.m */ = {isa = PBXFileReference; fileEncoding = 4; lastKnownFileType = sourcecode.c.objc; path = AppModel.m; sourceTree = "<group>"; };
		4557CB7C1E7BBD2600F22E70 /* DataSource.h */ = {isa = PBXFileReference; fileEncoding = 4; lastKnownFileType = sourcecode.c.h; path = DataSource.h; sourceTree = "<group>"; };
		4557CB7D1E7BBD2600F22E70 /* DataSource.m */ = {isa = PBXFileReference; fileEncoding = 4; lastKnownFileType = sourcecode.c.objc; path = DataSource.m; sourceTree = "<group>"; };
		4557CB7F1E7BC3CC00F22E70 /* UIBarButtonItem+NagivationButton.h */ = {isa = PBXFileReference; fileEncoding = 4; lastKnownFileType = sourcecode.c.h; path = "UIBarButtonItem+NagivationButton.h"; sourceTree = "<group>"; };
		4557CB801E7BC3CC00F22E70 /* UIBarButtonItem+NagivationButton.m */ = {isa = PBXFileReference; fileEncoding = 4; lastKnownFileType = sourcecode.c.objc; path = "UIBarButtonItem+NagivationButton.m"; sourceTree = "<group>"; };
		4557CB821E7BC84D00F22E70 /* FirstAppDataBaseSingleton.h */ = {isa = PBXFileReference; fileEncoding = 4; lastKnownFileType = sourcecode.c.h; path = FirstAppDataBaseSingleton.h; sourceTree = "<group>"; };
		4557CB831E7BC84D00F22E70 /* FirstAppDataBaseSingleton.m */ = {isa = PBXFileReference; fileEncoding = 4; lastKnownFileType = sourcecode.c.objc; path = FirstAppDataBaseSingleton.m; sourceTree = "<group>"; };
		4557CB851E7BE88900F22E70 /* ChatDetailController.h */ = {isa = PBXFileReference; fileEncoding = 4; lastKnownFileType = sourcecode.c.h; path = ChatDetailController.h; sourceTree = "<group>"; };
		4557CB861E7BE88900F22E70 /* ChatDetailController.m */ = {isa = PBXFileReference; fileEncoding = 4; lastKnownFileType = sourcecode.c.objc; path = ChatDetailController.m; sourceTree = "<group>"; };
		455930CD1E835A110041F6F9 /* ImageUrl.h */ = {isa = PBXFileReference; fileEncoding = 4; lastKnownFileType = sourcecode.c.h; path = ImageUrl.h; sourceTree = "<group>"; };
		455930CE1E835A110041F6F9 /* ImageUrl.m */ = {isa = PBXFileReference; fileEncoding = 4; lastKnownFileType = sourcecode.c.objc; path = ImageUrl.m; sourceTree = "<group>"; };
		455FA1621E7A660F00C85AE7 /* TravelCell.h */ = {isa = PBXFileReference; fileEncoding = 4; lastKnownFileType = sourcecode.c.h; path = TravelCell.h; sourceTree = "<group>"; };
		455FA1631E7A660F00C85AE7 /* TravelCell.m */ = {isa = PBXFileReference; fileEncoding = 4; lastKnownFileType = sourcecode.c.objc; path = TravelCell.m; sourceTree = "<group>"; };
		455FA1651E7A831000C85AE7 /* ClaimCell.h */ = {isa = PBXFileReference; fileEncoding = 4; lastKnownFileType = sourcecode.c.h; path = ClaimCell.h; sourceTree = "<group>"; };
		455FA1661E7A831000C85AE7 /* ClaimCell.m */ = {isa = PBXFileReference; fileEncoding = 4; lastKnownFileType = sourcecode.c.objc; path = ClaimCell.m; sourceTree = "<group>"; };
		455FA1681E7A833000C85AE7 /* ApplicationCenterCell.h */ = {isa = PBXFileReference; fileEncoding = 4; lastKnownFileType = sourcecode.c.h; path = ApplicationCenterCell.h; sourceTree = "<group>"; };
		455FA1691E7A833000C85AE7 /* ApplicationCenterCell.m */ = {isa = PBXFileReference; fileEncoding = 4; lastKnownFileType = sourcecode.c.objc; path = ApplicationCenterCell.m; sourceTree = "<group>"; };
		455FA16B1E7A8C6D00C85AE7 /* ClaimModel.h */ = {isa = PBXFileReference; fileEncoding = 4; lastKnownFileType = sourcecode.c.h; path = ClaimModel.h; sourceTree = "<group>"; };
		455FA16C1E7A8C6D00C85AE7 /* ClaimModel.m */ = {isa = PBXFileReference; fileEncoding = 4; lastKnownFileType = sourcecode.c.objc; path = ClaimModel.m; sourceTree = "<group>"; };
		455FA16E1E7A8E3600C85AE7 /* ClaimDataBaseSingleton.h */ = {isa = PBXFileReference; fileEncoding = 4; lastKnownFileType = sourcecode.c.h; path = ClaimDataBaseSingleton.h; sourceTree = "<group>"; };
		455FA16F1E7A8E3600C85AE7 /* ClaimDataBaseSingleton.m */ = {isa = PBXFileReference; fileEncoding = 4; lastKnownFileType = sourcecode.c.objc; path = ClaimDataBaseSingleton.m; sourceTree = "<group>"; };
		455FA3081E7631A90039B155 /* CommunityProject.app */ = {isa = PBXFileReference; explicitFileType = wrapper.application; includeInIndex = 0; path = CommunityProject.app; sourceTree = BUILT_PRODUCTS_DIR; };
		455FA30C1E7631A90039B155 /* main.m */ = {isa = PBXFileReference; lastKnownFileType = sourcecode.c.objc; path = main.m; sourceTree = "<group>"; };
		455FA30E1E7631A90039B155 /* AppDelegate.h */ = {isa = PBXFileReference; lastKnownFileType = sourcecode.c.h; path = AppDelegate.h; sourceTree = "<group>"; };
		455FA30F1E7631A90039B155 /* AppDelegate.m */ = {isa = PBXFileReference; lastKnownFileType = sourcecode.c.objc; path = AppDelegate.m; sourceTree = "<group>"; };
		455FA3151E7631A90039B155 /* Base */ = {isa = PBXFileReference; lastKnownFileType = file.storyboard; name = Base; path = Base.lproj/Main.storyboard; sourceTree = "<group>"; };
		455FA3181E7631A90039B155 /* CommunityProject.xcdatamodel */ = {isa = PBXFileReference; lastKnownFileType = wrapper.xcdatamodel; path = CommunityProject.xcdatamodel; sourceTree = "<group>"; };
		455FA31A1E7631A90039B155 /* Assets.xcassets */ = {isa = PBXFileReference; lastKnownFileType = folder.assetcatalog; path = Assets.xcassets; sourceTree = "<group>"; };
		455FA31D1E7631A90039B155 /* Base */ = {isa = PBXFileReference; lastKnownFileType = file.storyboard; name = Base; path = Base.lproj/LaunchScreen.storyboard; sourceTree = "<group>"; };
		455FA31F1E7631A90039B155 /* Info.plist */ = {isa = PBXFileReference; lastKnownFileType = text.plist.xml; path = Info.plist; sourceTree = "<group>"; };
		455FA3371E763C7A0039B155 /* CommonHeader.h */ = {isa = PBXFileReference; lastKnownFileType = sourcecode.c.h; path = CommonHeader.h; sourceTree = "<group>"; };
		455FA3381E763C9A0039B155 /* AllHeader.pch */ = {isa = PBXFileReference; lastKnownFileType = sourcecode.c.h; path = AllHeader.pch; sourceTree = "<group>"; };
		455FA3431E7693C70039B155 /* FirstPage.storyboard */ = {isa = PBXFileReference; fileEncoding = 4; lastKnownFileType = file.storyboard; path = FirstPage.storyboard; sourceTree = "<group>"; };
		455FA3451E7693F00039B155 /* WeChat.storyboard */ = {isa = PBXFileReference; fileEncoding = 4; lastKnownFileType = file.storyboard; path = WeChat.storyboard; sourceTree = "<group>"; };
		455FA3471E7694020039B155 /* Mine.storyboard */ = {isa = PBXFileReference; fileEncoding = 4; lastKnownFileType = file.storyboard; path = Mine.storyboard; sourceTree = "<group>"; };
		455FA3491E769C8C0039B155 /* MainTabBarController.h */ = {isa = PBXFileReference; fileEncoding = 4; lastKnownFileType = sourcecode.c.h; path = MainTabBarController.h; sourceTree = "<group>"; };
		455FA34A1E769C8C0039B155 /* MainTabBarController.m */ = {isa = PBXFileReference; fileEncoding = 4; lastKnownFileType = sourcecode.c.objc; path = MainTabBarController.m; sourceTree = "<group>"; };
		455FA34C1E76A2940039B155 /* FirstController.h */ = {isa = PBXFileReference; fileEncoding = 4; lastKnownFileType = sourcecode.c.h; path = FirstController.h; sourceTree = "<group>"; };
		455FA34D1E76A2940039B155 /* FirstController.m */ = {isa = PBXFileReference; fileEncoding = 4; lastKnownFileType = sourcecode.c.objc; path = FirstController.m; sourceTree = "<group>"; };
		455FA34F1E76A2B60039B155 /* ChatMainController.h */ = {isa = PBXFileReference; fileEncoding = 4; lastKnownFileType = sourcecode.c.h; path = ChatMainController.h; sourceTree = "<group>"; };
		455FA3501E76A2B60039B155 /* ChatMainController.m */ = {isa = PBXFileReference; fileEncoding = 4; lastKnownFileType = sourcecode.c.objc; path = ChatMainController.m; sourceTree = "<group>"; };
		455FA3521E76A2C60039B155 /* MineController.h */ = {isa = PBXFileReference; fileEncoding = 4; lastKnownFileType = sourcecode.c.h; path = MineController.h; sourceTree = "<group>"; };
		455FA3531E76A2C60039B155 /* MineController.m */ = {isa = PBXFileReference; fileEncoding = 4; lastKnownFileType = sourcecode.c.objc; path = MineController.m; sourceTree = "<group>"; };
		455FA35C1E76A5260039B155 /* LoginController.h */ = {isa = PBXFileReference; fileEncoding = 4; lastKnownFileType = sourcecode.c.h; path = LoginController.h; sourceTree = "<group>"; };
		455FA35D1E76A5260039B155 /* LoginController.m */ = {isa = PBXFileReference; fileEncoding = 4; lastKnownFileType = sourcecode.c.objc; path = LoginController.m; sourceTree = "<group>"; };
		455FA35F1E76A5370039B155 /* Login.storyboard */ = {isa = PBXFileReference; fileEncoding = 4; lastKnownFileType = file.storyboard; path = Login.storyboard; sourceTree = "<group>"; };
		4562D72F1E7F6DFC00C6EE56 /* GroupActivityListController.h */ = {isa = PBXFileReference; fileEncoding = 4; lastKnownFileType = sourcecode.c.h; path = GroupActivityListController.h; sourceTree = "<group>"; };
		4562D7301E7F6DFC00C6EE56 /* GroupActivityListController.m */ = {isa = PBXFileReference; fileEncoding = 4; lastKnownFileType = sourcecode.c.objc; path = GroupActivityListController.m; sourceTree = "<group>"; };
		4562D7321E7F6E2700C6EE56 /* Group.storyboard */ = {isa = PBXFileReference; fileEncoding = 4; lastKnownFileType = file.storyboard; path = Group.storyboard; sourceTree = "<group>"; };
		4562D7341E7F75EA00C6EE56 /* ActivityListCell.h */ = {isa = PBXFileReference; fileEncoding = 4; lastKnownFileType = sourcecode.c.h; path = ActivityListCell.h; sourceTree = "<group>"; };
		4562D7351E7F75EA00C6EE56 /* ActivityListCell.m */ = {isa = PBXFileReference; fileEncoding = 4; lastKnownFileType = sourcecode.c.objc; path = ActivityListCell.m; sourceTree = "<group>"; };
		4562D7371E7F792D00C6EE56 /* ActivityListModel.h */ = {isa = PBXFileReference; fileEncoding = 4; lastKnownFileType = sourcecode.c.h; path = ActivityListModel.h; sourceTree = "<group>"; };
		4562D7381E7F792D00C6EE56 /* ActivityListModel.m */ = {isa = PBXFileReference; fileEncoding = 4; lastKnownFileType = sourcecode.c.objc; path = ActivityListModel.m; sourceTree = "<group>"; };
		4562D73A1E7F7B6A00C6EE56 /* UIView+ChatWhiteView.h */ = {isa = PBXFileReference; fileEncoding = 4; lastKnownFileType = sourcecode.c.h; path = "UIView+ChatWhiteView.h"; sourceTree = "<group>"; };
		4562D73B1E7F7B6A00C6EE56 /* UIView+ChatWhiteView.m */ = {isa = PBXFileReference; fileEncoding = 4; lastKnownFileType = sourcecode.c.objc; path = "UIView+ChatWhiteView.m"; sourceTree = "<group>"; };
		4562D73D1E7F828D00C6EE56 /* ActivityListDatabaseSingleton.h */ = {isa = PBXFileReference; fileEncoding = 4; lastKnownFileType = sourcecode.c.h; path = ActivityListDatabaseSingleton.h; sourceTree = "<group>"; };
		4562D73E1E7F828D00C6EE56 /* ActivityListDatabaseSingleton.m */ = {isa = PBXFileReference; fileEncoding = 4; lastKnownFileType = sourcecode.c.objc; path = ActivityListDatabaseSingleton.m; sourceTree = "<group>"; };
		4562D7401E7F88C200C6EE56 /* NowDate.h */ = {isa = PBXFileReference; fileEncoding = 4; lastKnownFileType = sourcecode.c.h; path = NowDate.h; sourceTree = "<group>"; };
		4562D7411E7F88C200C6EE56 /* NowDate.m */ = {isa = PBXFileReference; fileEncoding = 4; lastKnownFileType = sourcecode.c.objc; path = NowDate.m; sourceTree = "<group>"; };
		4562D7431E7FAC0200C6EE56 /* CreateActivityController.h */ = {isa = PBXFileReference; fileEncoding = 4; lastKnownFileType = sourcecode.c.h; path = CreateActivityController.h; sourceTree = "<group>"; };
		4562D7441E7FAC0200C6EE56 /* CreateActivityController.m */ = {isa = PBXFileReference; fileEncoding = 4; lastKnownFileType = sourcecode.c.objc; path = CreateActivityController.m; sourceTree = "<group>"; };
		4562D7461E7FB9A000C6EE56 /* UploadImageNet.h */ = {isa = PBXFileReference; fileEncoding = 4; lastKnownFileType = sourcecode.c.h; name = UploadImageNet.h; path = ../V/UploadImageNet.h; sourceTree = "<group>"; };
		4562D7471E7FB9A000C6EE56 /* UploadImageNet.m */ = {isa = PBXFileReference; fileEncoding = 4; lastKnownFileType = sourcecode.c.objc; name = UploadImageNet.m; path = ../V/UploadImageNet.m; sourceTree = "<group>"; };
		4562D7491E7FB9BA00C6EE56 /* ReduceImage.h */ = {isa = PBXFileReference; fileEncoding = 4; lastKnownFileType = sourcecode.c.h; path = ReduceImage.h; sourceTree = "<group>"; };
		4562D74A1E7FB9BA00C6EE56 /* ReduceImage.m */ = {isa = PBXFileReference; fileEncoding = 4; lastKnownFileType = sourcecode.c.objc; path = ReduceImage.m; sourceTree = "<group>"; };
		4562D74C1E7FB9E500C6EE56 /* UploadMulDocuments.h */ = {isa = PBXFileReference; fileEncoding = 4; lastKnownFileType = sourcecode.c.h; name = UploadMulDocuments.h; path = ../V/UploadMulDocuments.h; sourceTree = "<group>"; };
		4562D74D1E7FB9E500C6EE56 /* UploadMulDocuments.m */ = {isa = PBXFileReference; fileEncoding = 4; lastKnownFileType = sourcecode.c.objc; name = UploadMulDocuments.m; path = ../V/UploadMulDocuments.m; sourceTree = "<group>"; };
		4562D74F1E7FBD3A00C6EE56 /* UploadImageModel.h */ = {isa = PBXFileReference; fileEncoding = 4; lastKnownFileType = sourcecode.c.h; path = UploadImageModel.h; sourceTree = "<group>"; };
		4562D7501E7FBD3A00C6EE56 /* UploadImageModel.m */ = {isa = PBXFileReference; fileEncoding = 4; lastKnownFileType = sourcecode.c.objc; path = UploadImageModel.m; sourceTree = "<group>"; };
		4562D7521E7FD6BD00C6EE56 /* ActImageCell.h */ = {isa = PBXFileReference; fileEncoding = 4; lastKnownFileType = sourcecode.c.h; path = ActImageCell.h; sourceTree = "<group>"; };
		4562D7531E7FD6BD00C6EE56 /* ActImageCell.m */ = {isa = PBXFileReference; fileEncoding = 4; lastKnownFileType = sourcecode.c.objc; path = ActImageCell.m; sourceTree = "<group>"; };
		4562D7551E7FD7C900C6EE56 /* UploadActImageNet.h */ = {isa = PBXFileReference; fileEncoding = 4; lastKnownFileType = sourcecode.c.h; path = UploadActImageNet.h; sourceTree = "<group>"; };
		4562D7561E7FD7C900C6EE56 /* UploadActImageNet.m */ = {isa = PBXFileReference; fileEncoding = 4; lastKnownFileType = sourcecode.c.objc; path = UploadActImageNet.m; sourceTree = "<group>"; };
		4562D75B1E7FDC1B00C6EE56 /* UIButton+button.h */ = {isa = PBXFileReference; fileEncoding = 4; lastKnownFileType = sourcecode.c.h; path = "UIButton+button.h"; sourceTree = "<group>"; };
		4562D75C1E7FDC1B00C6EE56 /* UIButton+button.m */ = {isa = PBXFileReference; fileEncoding = 4; lastKnownFileType = sourcecode.c.objc; path = "UIButton+button.m"; sourceTree = "<group>"; };
		4562D75E1E7FDFD900C6EE56 /* UIView+ChatMoreView.h */ = {isa = PBXFileReference; fileEncoding = 4; lastKnownFileType = sourcecode.c.h; path = "UIView+ChatMoreView.h"; sourceTree = "<group>"; };
		4562D75F1E7FDFD900C6EE56 /* UIView+ChatMoreView.m */ = {isa = PBXFileReference; fileEncoding = 4; lastKnownFileType = sourcecode.c.objc; path = "UIView+ChatMoreView.m"; sourceTree = "<group>"; };
		4562D7931E80BB5D00C6EE56 /* AssetsLibrary.framework */ = {isa = PBXFileReference; lastKnownFileType = wrapper.framework; name = AssetsLibrary.framework; path = System/Library/Frameworks/AssetsLibrary.framework; sourceTree = SDKROOT; };
		4562D7951E80BB6900C6EE56 /* AudioToolbox.framework */ = {isa = PBXFileReference; lastKnownFileType = wrapper.framework; name = AudioToolbox.framework; path = System/Library/Frameworks/AudioToolbox.framework; sourceTree = SDKROOT; };
		4562D7971E80BB7400C6EE56 /* AVFoundation.framework */ = {isa = PBXFileReference; lastKnownFileType = wrapper.framework; name = AVFoundation.framework; path = System/Library/Frameworks/AVFoundation.framework; sourceTree = SDKROOT; };
		4562D7991E80BB8400C6EE56 /* CoreAudio.framework */ = {isa = PBXFileReference; lastKnownFileType = wrapper.framework; name = CoreAudio.framework; path = System/Library/Frameworks/CoreAudio.framework; sourceTree = SDKROOT; };
		4562D79B1E80BB9D00C6EE56 /* CoreGraphics.framework */ = {isa = PBXFileReference; lastKnownFileType = wrapper.framework; name = CoreGraphics.framework; path = System/Library/Frameworks/CoreGraphics.framework; sourceTree = SDKROOT; };
		4562D79D1E80BBA600C6EE56 /* CoreLocation.framework */ = {isa = PBXFileReference; lastKnownFileType = wrapper.framework; name = CoreLocation.framework; path = System/Library/Frameworks/CoreLocation.framework; sourceTree = SDKROOT; };
		4562D79F1E80BBB100C6EE56 /* CoreMedia.framework */ = {isa = PBXFileReference; lastKnownFileType = wrapper.framework; name = CoreMedia.framework; path = System/Library/Frameworks/CoreMedia.framework; sourceTree = SDKROOT; };
		4562D7A11E80BBC300C6EE56 /* CoreVideo.framework */ = {isa = PBXFileReference; lastKnownFileType = wrapper.framework; name = CoreVideo.framework; path = System/Library/Frameworks/CoreVideo.framework; sourceTree = SDKROOT; };
		4562D7A31E80BBCA00C6EE56 /* ImageIO.framework */ = {isa = PBXFileReference; lastKnownFileType = wrapper.framework; name = ImageIO.framework; path = System/Library/Frameworks/ImageIO.framework; sourceTree = SDKROOT; };
		4562D7A51E80BBD900C6EE56 /* libc++abi.tbd */ = {isa = PBXFileReference; lastKnownFileType = "sourcecode.text-based-dylib-definition"; name = "libc++abi.tbd"; path = "usr/lib/libc++abi.tbd"; sourceTree = SDKROOT; };
		4562D7A71E80BBE400C6EE56 /* libsqlite3.tbd */ = {isa = PBXFileReference; lastKnownFileType = "sourcecode.text-based-dylib-definition"; name = libsqlite3.tbd; path = usr/lib/libsqlite3.tbd; sourceTree = SDKROOT; };
		4562D7A91E80BBF200C6EE56 /* libstdc++.tbd */ = {isa = PBXFileReference; lastKnownFileType = "sourcecode.text-based-dylib-definition"; name = "libstdc++.tbd"; path = "usr/lib/libstdc++.tbd"; sourceTree = SDKROOT; };
		4562D7AB1E80BBFC00C6EE56 /* libxml2.tbd */ = {isa = PBXFileReference; lastKnownFileType = "sourcecode.text-based-dylib-definition"; name = libxml2.tbd; path = usr/lib/libxml2.tbd; sourceTree = SDKROOT; };
		4562D7AD1E80BC0700C6EE56 /* MapKit.framework */ = {isa = PBXFileReference; lastKnownFileType = wrapper.framework; name = MapKit.framework; path = System/Library/Frameworks/MapKit.framework; sourceTree = SDKROOT; };
		4562D7AF1E80BC1200C6EE56 /* OpenGLES.framework */ = {isa = PBXFileReference; lastKnownFileType = wrapper.framework; name = OpenGLES.framework; path = System/Library/Frameworks/OpenGLES.framework; sourceTree = SDKROOT; };
		4562D7B11E80BC2A00C6EE56 /* SystemConfiguration.framework */ = {isa = PBXFileReference; lastKnownFileType = wrapper.framework; name = SystemConfiguration.framework; path = System/Library/Frameworks/SystemConfiguration.framework; sourceTree = SDKROOT; };
		4562D7B31E80BC3400C6EE56 /* UIKit.framework */ = {isa = PBXFileReference; lastKnownFileType = wrapper.framework; name = UIKit.framework; path = System/Library/Frameworks/UIKit.framework; sourceTree = SDKROOT; };
		4562D7B51E80BC3B00C6EE56 /* Photos.framework */ = {isa = PBXFileReference; lastKnownFileType = wrapper.framework; name = Photos.framework; path = System/Library/Frameworks/Photos.framework; sourceTree = SDKROOT; };
		4562D7B71E80BC4300C6EE56 /* SafariServices.framework */ = {isa = PBXFileReference; lastKnownFileType = wrapper.framework; name = SafariServices.framework; path = System/Library/Frameworks/SafariServices.framework; sourceTree = SDKROOT; };
		4562D7B91E80BDEA00C6EE56 /* Foundation.framework */ = {isa = PBXFileReference; lastKnownFileType = wrapper.framework; name = Foundation.framework; path = System/Library/Frameworks/Foundation.framework; sourceTree = SDKROOT; };
		4562D7F01E80C3EF00C6EE56 /* VideoToolbox.framework */ = {isa = PBXFileReference; lastKnownFileType = wrapper.framework; name = VideoToolbox.framework; path = System/Library/Frameworks/VideoToolbox.framework; sourceTree = SDKROOT; };
		4562D7F21E80DC1900C6EE56 /* Address.storyboard */ = {isa = PBXFileReference; fileEncoding = 4; lastKnownFileType = file.storyboard; path = Address.storyboard; sourceTree = "<group>"; };
		4562D7F41E80F8A900C6EE56 /* AddressCell.h */ = {isa = PBXFileReference; fileEncoding = 4; lastKnownFileType = sourcecode.c.h; path = AddressCell.h; sourceTree = "<group>"; };
		4562D7F51E80F8A900C6EE56 /* AddressCell.m */ = {isa = PBXFileReference; fileEncoding = 4; lastKnownFileType = sourcecode.c.objc; path = AddressCell.m; sourceTree = "<group>"; };
		4562D7F71E80FF2800C6EE56 /* AddressListController.h */ = {isa = PBXFileReference; fileEncoding = 4; lastKnownFileType = sourcecode.c.h; path = AddressListController.h; sourceTree = "<group>"; };
		4562D7F81E80FF2800C6EE56 /* AddressListController.m */ = {isa = PBXFileReference; fileEncoding = 4; lastKnownFileType = sourcecode.c.objc; path = AddressListController.m; sourceTree = "<group>"; };
		4562D7FA1E810CEF00C6EE56 /* AddressBook.framework */ = {isa = PBXFileReference; lastKnownFileType = wrapper.framework; name = AddressBook.framework; path = System/Library/Frameworks/AddressBook.framework; sourceTree = SDKROOT; };
		4562D7FC1E810DED00C6EE56 /* Contacts.framework */ = {isa = PBXFileReference; lastKnownFileType = wrapper.framework; name = Contacts.framework; path = System/Library/Frameworks/Contacts.framework; sourceTree = SDKROOT; };
		4562D8011E81300F00C6EE56 /* GroupListCell.h */ = {isa = PBXFileReference; fileEncoding = 4; lastKnownFileType = sourcecode.c.h; path = GroupListCell.h; sourceTree = "<group>"; };
		4562D8021E81300F00C6EE56 /* GroupListCell.m */ = {isa = PBXFileReference; fileEncoding = 4; lastKnownFileType = sourcecode.c.objc; path = GroupListCell.m; sourceTree = "<group>"; };
		4562D8041E8134A900C6EE56 /* GroupListController.h */ = {isa = PBXFileReference; fileEncoding = 4; lastKnownFileType = sourcecode.c.h; path = GroupListController.h; sourceTree = "<group>"; };
		4562D8051E8134A900C6EE56 /* GroupListController.m */ = {isa = PBXFileReference; fileEncoding = 4; lastKnownFileType = sourcecode.c.objc; path = GroupListController.m; sourceTree = "<group>"; };
		456CCE421E827CD7005EC051 /* RongCallKit.framework */ = {isa = PBXFileReference; lastKnownFileType = wrapper.framework; path = RongCallKit.framework; sourceTree = "<group>"; };
		456CCE441E827CD7005EC051 /* AgoraRtcEngineKit.framework */ = {isa = PBXFileReference; lastKnownFileType = wrapper.framework; path = AgoraRtcEngineKit.framework; sourceTree = "<group>"; };
		456CCE451E827CD7005EC051 /* RongCallLib.framework */ = {isa = PBXFileReference; lastKnownFileType = wrapper.framework; path = RongCallLib.framework; sourceTree = "<group>"; };
		456CCE471E827CD7005EC051 /* Emoji.plist */ = {isa = PBXFileReference; fileEncoding = 4; lastKnownFileType = text.plist.xml; path = Emoji.plist; sourceTree = "<group>"; };
		456CCE491E827CD7005EC051 /* en */ = {isa = PBXFileReference; lastKnownFileType = text.plist.strings; name = en; path = en.lproj/RongCloudKit.strings; sourceTree = "<group>"; };
		456CCE4A1E827CD7005EC051 /* RongCloud.bundle */ = {isa = PBXFileReference; lastKnownFileType = "wrapper.plug-in"; path = RongCloud.bundle; sourceTree = "<group>"; };
		456CCE4B1E827CD7005EC051 /* RongIMKit.framework */ = {isa = PBXFileReference; lastKnownFileType = wrapper.framework; path = RongIMKit.framework; sourceTree = "<group>"; };
		456CCE4C1E827CD7005EC051 /* zh-Hans */ = {isa = PBXFileReference; lastKnownFileType = text.plist.strings; name = "zh-Hans"; path = "zh-Hans.lproj/RongCloudKit.strings"; sourceTree = "<group>"; };
		456CCE4E1E827CD7005EC051 /* libopencore-amrnb.a */ = {isa = PBXFileReference; lastKnownFileType = archive.ar; path = "libopencore-amrnb.a"; sourceTree = "<group>"; };
		456CCE4F1E827CD7005EC051 /* RCConfig.plist */ = {isa = PBXFileReference; fileEncoding = 4; lastKnownFileType = text.plist.xml; path = RCConfig.plist; sourceTree = "<group>"; };
		456CCE501E827CD7005EC051 /* RongIMLib.framework */ = {isa = PBXFileReference; lastKnownFileType = wrapper.framework; path = RongIMLib.framework; sourceTree = "<group>"; };
		456CCE531E827CD7005EC051 /* AlipaySDK.bundle */ = {isa = PBXFileReference; lastKnownFileType = "wrapper.plug-in"; path = AlipaySDK.bundle; sourceTree = "<group>"; };
		456CCE541E827CD7005EC051 /* AlipaySDK.framework */ = {isa = PBXFileReference; lastKnownFileType = wrapper.framework; path = AlipaySDK.framework; sourceTree = "<group>"; };
		456CCE571E827CD7005EC051 /* en */ = {isa = PBXFileReference; lastKnownFileType = text.plist.strings; name = en; path = en.lproj/JrmfInfo.strings; sourceTree = "<group>"; };
		456CCE581E827CD7005EC051 /* JResource.bundle */ = {isa = PBXFileReference; lastKnownFileType = "wrapper.plug-in"; path = JResource.bundle; sourceTree = "<group>"; };
		456CCE591E827CD7005EC051 /* jrmf.cer */ = {isa = PBXFileReference; lastKnownFileType = file; path = jrmf.cer; sourceTree = "<group>"; };
		456CCE5A1E827CD7005EC051 /* JrmfPacketKit.framework */ = {isa = PBXFileReference; lastKnownFileType = wrapper.framework; path = JrmfPacketKit.framework; sourceTree = "<group>"; };
		456CCE5B1E827CD7005EC051 /* JrmfWalletKit.framework */ = {isa = PBXFileReference; lastKnownFileType = wrapper.framework; path = JrmfWalletKit.framework; sourceTree = "<group>"; };
		456CCE5C1E827CD7005EC051 /* JYangToolKit.framework */ = {isa = PBXFileReference; lastKnownFileType = wrapper.framework; path = JYangToolKit.framework; sourceTree = "<group>"; };
		456CCE5D1E827CD7005EC051 /* WalletResource.bundle */ = {isa = PBXFileReference; lastKnownFileType = "wrapper.plug-in"; path = WalletResource.bundle; sourceTree = "<group>"; };
		456CCE5E1E827CD7005EC051 /* zh-Hans */ = {isa = PBXFileReference; lastKnownFileType = text.plist.strings; name = "zh-Hans"; path = "zh-Hans.lproj/JrmfInfo.strings"; sourceTree = "<group>"; };
		456CCE5F1E827CD7005EC051 /* release_notes_ios.txt */ = {isa = PBXFileReference; fileEncoding = 4; lastKnownFileType = text; path = release_notes_ios.txt; sourceTree = "<group>"; };
		457D3CAA1E77857700FD0309 /* AFNetData.h */ = {isa = PBXFileReference; fileEncoding = 4; lastKnownFileType = sourcecode.c.h; path = AFNetData.h; sourceTree = "<group>"; };
		457D3CAB1E77857700FD0309 /* AFNetData.m */ = {isa = PBXFileReference; fileEncoding = 4; lastKnownFileType = sourcecode.c.objc; path = AFNetData.m; sourceTree = "<group>"; };
		457D3CAD1E77858000FD0309 /* FixMemoryLeak.h */ = {isa = PBXFileReference; fileEncoding = 4; lastKnownFileType = sourcecode.c.h; path = FixMemoryLeak.h; sourceTree = "<group>"; };
		457D3CAE1E77858000FD0309 /* FixMemoryLeak.m */ = {isa = PBXFileReference; fileEncoding = 4; lastKnownFileType = sourcecode.c.objc; path = FixMemoryLeak.m; sourceTree = "<group>"; };
		457D3CB01E7785BF00FD0309 /* AFSecuteCertificate.h */ = {isa = PBXFileReference; fileEncoding = 4; lastKnownFileType = sourcecode.c.h; path = AFSecuteCertificate.h; sourceTree = "<group>"; };
		457D3CB11E7785BF00FD0309 /* AFSecuteCertificate.m */ = {isa = PBXFileReference; fileEncoding = 4; lastKnownFileType = sourcecode.c.objc; path = AFSecuteCertificate.m; sourceTree = "<group>"; };
		457D3CB31E778E8B00FD0309 /* MessageAlertView.h */ = {isa = PBXFileReference; fileEncoding = 4; lastKnownFileType = sourcecode.c.h; path = MessageAlertView.h; sourceTree = "<group>"; };
		457D3CB41E778E8B00FD0309 /* MessageAlertView.m */ = {isa = PBXFileReference; fileEncoding = 4; lastKnownFileType = sourcecode.c.objc; path = MessageAlertView.m; sourceTree = "<group>"; };
		457D3CC21E77CD6900FD0309 /* AddressDataBaseSingleton.h */ = {isa = PBXFileReference; fileEncoding = 4; lastKnownFileType = sourcecode.c.h; path = AddressDataBaseSingleton.h; sourceTree = "<group>"; };
		457D3CC31E77CD6900FD0309 /* AddressDataBaseSingleton.m */ = {isa = PBXFileReference; fileEncoding = 4; lastKnownFileType = sourcecode.c.objc; path = AddressDataBaseSingleton.m; sourceTree = "<group>"; };
		457D3CC51E77CD7400FD0309 /* FriendsListModel.h */ = {isa = PBXFileReference; fileEncoding = 4; lastKnownFileType = sourcecode.c.h; path = FriendsListModel.h; sourceTree = "<group>"; };
		457D3CC61E77CD7400FD0309 /* FriendsListModel.m */ = {isa = PBXFileReference; fileEncoding = 4; lastKnownFileType = sourcecode.c.objc; path = FriendsListModel.m; sourceTree = "<group>"; };
		457D3CCC1E77CE3500FD0309 /* GroupDatabaseSingleton.h */ = {isa = PBXFileReference; fileEncoding = 4; lastKnownFileType = sourcecode.c.h; path = GroupDatabaseSingleton.h; sourceTree = "<group>"; };
		457D3CCD1E77CE3500FD0309 /* GroupDatabaseSingleton.m */ = {isa = PBXFileReference; fileEncoding = 4; lastKnownFileType = sourcecode.c.objc; path = GroupDatabaseSingleton.m; sourceTree = "<group>"; };
		457D3CCE1E77CE3500FD0309 /* GroupModel.h */ = {isa = PBXFileReference; fileEncoding = 4; lastKnownFileType = sourcecode.c.h; path = GroupModel.h; sourceTree = "<group>"; };
		457D3CCF1E77CE3500FD0309 /* GroupModel.m */ = {isa = PBXFileReference; fileEncoding = 4; lastKnownFileType = sourcecode.c.objc; path = GroupModel.m; sourceTree = "<group>"; };
		457D3CD21E77E98200FD0309 /* ConfirmInfoController.h */ = {isa = PBXFileReference; fileEncoding = 4; lastKnownFileType = sourcecode.c.h; path = ConfirmInfoController.h; sourceTree = "<group>"; };
		457D3CD31E77E98200FD0309 /* ConfirmInfoController.m */ = {isa = PBXFileReference; fileEncoding = 4; lastKnownFileType = sourcecode.c.objc; path = ConfirmInfoController.m; sourceTree = "<group>"; };
		45D110281E8538A6009F2C4E /* RealTimeLocationEndCell.h */ = {isa = PBXFileReference; fileEncoding = 4; lastKnownFileType = sourcecode.c.h; path = RealTimeLocationEndCell.h; sourceTree = "<group>"; };
		45D110291E8538A6009F2C4E /* RealTimeLocationEndCell.m */ = {isa = PBXFileReference; fileEncoding = 4; lastKnownFileType = sourcecode.c.objc; path = RealTimeLocationEndCell.m; sourceTree = "<group>"; };
		45D1102B1E8538C0009F2C4E /* RealTimeLocationStartCell.h */ = {isa = PBXFileReference; fileEncoding = 4; lastKnownFileType = sourcecode.c.h; path = RealTimeLocationStartCell.h; sourceTree = "<group>"; };
		45D1102C1E8538C0009F2C4E /* RealTimeLocationStartCell.m */ = {isa = PBXFileReference; fileEncoding = 4; lastKnownFileType = sourcecode.c.objc; path = RealTimeLocationStartCell.m; sourceTree = "<group>"; };
		45D1102E1E8538E2009F2C4E /* RealTimeLocationViewController.h */ = {isa = PBXFileReference; fileEncoding = 4; lastKnownFileType = sourcecode.c.h; path = RealTimeLocationViewController.h; sourceTree = "<group>"; };
		45D1102F1E8538E2009F2C4E /* RealTimeLocationViewController.m */ = {isa = PBXFileReference; fileEncoding = 4; lastKnownFileType = sourcecode.c.objc; path = RealTimeLocationViewController.m; sourceTree = "<group>"; };
		45D110311E85390D009F2C4E /* RealTimeLocationStatusView.h */ = {isa = PBXFileReference; fileEncoding = 4; lastKnownFileType = sourcecode.c.h; path = RealTimeLocationStatusView.h; sourceTree = "<group>"; };
		45D110321E85390D009F2C4E /* RealTimeLocationStatusView.m */ = {isa = PBXFileReference; fileEncoding = 4; lastKnownFileType = sourcecode.c.objc; path = RealTimeLocationStatusView.m; sourceTree = "<group>"; };
		754849117AB8F9CD0A93FA3B /* Pods-CommunityProject.release.xcconfig */ = {isa = PBXFileReference; includeInIndex = 1; lastKnownFileType = text.xcconfig; name = "Pods-CommunityProject.release.xcconfig"; path = "Pods/Target Support Files/Pods-CommunityProject/Pods-CommunityProject.release.xcconfig"; sourceTree = "<group>"; };
		DDF9FD536E6AA7BFF19AA014 /* Pods-CommunityProject.debug.xcconfig */ = {isa = PBXFileReference; includeInIndex = 1; lastKnownFileType = text.xcconfig; name = "Pods-CommunityProject.debug.xcconfig"; path = "Pods/Target Support Files/Pods-CommunityProject/Pods-CommunityProject.debug.xcconfig"; sourceTree = "<group>"; };
		E46915D732FF20A1CABB71B5 /* libPods-CommunityProject.a */ = {isa = PBXFileReference; explicitFileType = archive.ar; includeInIndex = 0; path = "libPods-CommunityProject.a"; sourceTree = BUILT_PRODUCTS_DIR; };
/* End PBXFileReference section */

/* Begin PBXFrameworksBuildPhase section */
		455FA3051E7631A80039B155 /* Frameworks */ = {
			isa = PBXFrameworksBuildPhase;
			buildActionMask = 2147483647;
			files = (
				451B285C1E7D282D0024B336 /* libc++.tbd in Frameworks */,
				4562D7FD1E810DED00C6EE56 /* Contacts.framework in Frameworks */,
				4562D7FB1E810CEF00C6EE56 /* AddressBook.framework in Frameworks */,
				4562D7F11E80C3EF00C6EE56 /* VideoToolbox.framework in Frameworks */,
				4562D7BA1E80BDEA00C6EE56 /* Foundation.framework in Frameworks */,
				456CCE661E827CD8005EC051 /* RongIMKit.framework in Frameworks */,
				4562D7B81E80BC4300C6EE56 /* SafariServices.framework in Frameworks */,
				4562D7B61E80BC3B00C6EE56 /* Photos.framework in Frameworks */,
				4562D7B41E80BC3400C6EE56 /* UIKit.framework in Frameworks */,
				4562D7B21E80BC2A00C6EE56 /* SystemConfiguration.framework in Frameworks */,
				456CCE621E827CD7005EC051 /* RongCallLib.framework in Frameworks */,
				4562D7B01E80BC1200C6EE56 /* OpenGLES.framework in Frameworks */,
				456CCE701E827CD8005EC051 /* JrmfWalletKit.framework in Frameworks */,
				456CCE711E827CD8005EC051 /* JYangToolKit.framework in Frameworks */,
				456CCE611E827CD7005EC051 /* AgoraRtcEngineKit.framework in Frameworks */,
				4562D7AE1E80BC0700C6EE56 /* MapKit.framework in Frameworks */,
				456CCE671E827CD8005EC051 /* libopencore-amrnb.a in Frameworks */,
				4562D7AC1E80BBFC00C6EE56 /* libxml2.tbd in Frameworks */,
				456CCE601E827CD7005EC051 /* RongCallKit.framework in Frameworks */,
				4562D7AA1E80BBF200C6EE56 /* libstdc++.tbd in Frameworks */,
				4562D7A81E80BBE400C6EE56 /* libsqlite3.tbd in Frameworks */,
				4562D7A61E80BBD900C6EE56 /* libc++abi.tbd in Frameworks */,
				4562D7A41E80BBCA00C6EE56 /* ImageIO.framework in Frameworks */,
				4562D7A21E80BBC300C6EE56 /* CoreVideo.framework in Frameworks */,
				456CCE6B1E827CD8005EC051 /* AlipaySDK.framework in Frameworks */,
				4562D7A01E80BBB100C6EE56 /* CoreMedia.framework in Frameworks */,
				4562D79E1E80BBA600C6EE56 /* CoreLocation.framework in Frameworks */,
				4562D79C1E80BB9D00C6EE56 /* CoreGraphics.framework in Frameworks */,
				4562D79A1E80BB8400C6EE56 /* CoreAudio.framework in Frameworks */,
				4562D7981E80BB7400C6EE56 /* AVFoundation.framework in Frameworks */,
				4562D7961E80BB6900C6EE56 /* AudioToolbox.framework in Frameworks */,
				4562D7941E80BB5D00C6EE56 /* AssetsLibrary.framework in Frameworks */,
				456CCE6F1E827CD8005EC051 /* JrmfPacketKit.framework in Frameworks */,
				451B285A1E7D28210024B336 /* libz.tbd in Frameworks */,
				451B28581E7D27FC0024B336 /* CoreMotion.framework in Frameworks */,
				451B28561E7D27F20024B336 /* CFNetwork.framework in Frameworks */,
				451B28541E7D27DF0024B336 /* CoreText.framework in Frameworks */,
				456CCE691E827CD8005EC051 /* RongIMLib.framework in Frameworks */,
				451B28521E7D27CE0024B336 /* QuartzCore.framework in Frameworks */,
				451B28501E7D27C00024B336 /* CoreTelephony.framework in Frameworks */,
				A7A6D25426573DF78E3813F3 /* libPods-CommunityProject.a in Frameworks */,
			);
			runOnlyForDeploymentPostprocessing = 0;
		};
/* End PBXFrameworksBuildPhase section */

/* Begin PBXGroup section */
		455FA2FF1E7631A80039B155 = {
			isa = PBXGroup;
			children = (
				455FA30A1E7631A90039B155 /* CommunityProject */,
				455FA3091E7631A90039B155 /* Products */,
				E68AA8D51510DF75EF1D26DE /* Pods */,
				55BFAB6FB609C76103B710A7 /* Frameworks */,
			);
			sourceTree = "<group>";
		};
		455FA3091E7631A90039B155 /* Products */ = {
			isa = PBXGroup;
			children = (
				455FA3081E7631A90039B155 /* CommunityProject.app */,
			);
			name = Products;
			sourceTree = "<group>";
		};
		455FA30A1E7631A90039B155 /* CommunityProject */ = {
			isa = PBXGroup;
			children = (
				4562D7BB1E80C29900C6EE56 /* Third */,
				455FA3251E763C070039B155 /* Main */,
				455FA3551E76A4F10039B155 /* LoginAndRegister */,
				455FA32A1E763C250039B155 /* FirstPage */,
				455FA3261E763C250039B155 /* Chat */,
				457D3CB61E77CD4A00FD0309 /* Address */,
				457D3CC81E77CDAB00FD0309 /* Group */,
				457D3CBA1E77CD4A00FD0309 /* ChatHall */,
				457D3CBE1E77CD4A00FD0309 /* CircleOfFriends */,
				455FA32F1E763C250039B155 /* Mine */,
				455FA32E1E763C250039B155 /* HeadFile */,
				455FA3331E763C250039B155 /* Tools */,
				455FA31A1E7631A90039B155 /* Assets.xcassets */,
				455FA31C1E7631A90039B155 /* LaunchScreen.storyboard */,
				455FA31F1E7631A90039B155 /* Info.plist */,
				455FA3171E7631A90039B155 /* CommunityProject.xcdatamodeld */,
				455FA30B1E7631A90039B155 /* Supporting Files */,
			);
			path = CommunityProject;
			sourceTree = "<group>";
		};
		455FA30B1E7631A90039B155 /* Supporting Files */ = {
			isa = PBXGroup;
			children = (
				455FA30C1E7631A90039B155 /* main.m */,
			);
			name = "Supporting Files";
			sourceTree = "<group>";
		};
		455FA3251E763C070039B155 /* Main */ = {
			isa = PBXGroup;
			children = (
				455FA3141E7631A90039B155 /* Main.storyboard */,
				455FA30E1E7631A90039B155 /* AppDelegate.h */,
				455FA30F1E7631A90039B155 /* AppDelegate.m */,
				455FA3491E769C8C0039B155 /* MainTabBarController.h */,
				455FA34A1E769C8C0039B155 /* MainTabBarController.m */,
			);
			name = Main;
			sourceTree = "<group>";
		};
		455FA3261E763C250039B155 /* Chat */ = {
			isa = PBXGroup;
			children = (
				455FA3451E7693F00039B155 /* WeChat.storyboard */,
				455FA3271E763C250039B155 /* C */,
				455FA3281E763C250039B155 /* M */,
				455FA3291E763C250039B155 /* V */,
			);
			path = Chat;
			sourceTree = "<group>";
		};
		455FA3271E763C250039B155 /* C */ = {
			isa = PBXGroup;
			children = (
				455FA34F1E76A2B60039B155 /* ChatMainController.h */,
				455FA3501E76A2B60039B155 /* ChatMainController.m */,
				4557CB851E7BE88900F22E70 /* ChatDetailController.h */,
				4557CB861E7BE88900F22E70 /* ChatDetailController.m */,
				4556F0C31E85116B00E1E2FE /* MyLocationViewController.h */,
				4556F0C41E85116B00E1E2FE /* MyLocationViewController.m */,
			);
			path = C;
			sourceTree = "<group>";
		};
		455FA3281E763C250039B155 /* M */ = {
			isa = PBXGroup;
			children = (
			);
			path = M;
			sourceTree = "<group>";
		};
		455FA3291E763C250039B155 /* V */ = {
			isa = PBXGroup;
			children = (
				4562D73A1E7F7B6A00C6EE56 /* UIView+ChatWhiteView.h */,
				4562D73B1E7F7B6A00C6EE56 /* UIView+ChatWhiteView.m */,
				4562D75E1E7FDFD900C6EE56 /* UIView+ChatMoreView.h */,
				4562D75F1E7FDFD900C6EE56 /* UIView+ChatMoreView.m */,
			);
			path = V;
			sourceTree = "<group>";
		};
		455FA32A1E763C250039B155 /* FirstPage */ = {
			isa = PBXGroup;
			children = (
				455FA3431E7693C70039B155 /* FirstPage.storyboard */,
				455FA32B1E763C250039B155 /* C */,
				455FA32C1E763C250039B155 /* M */,
				455FA32D1E763C250039B155 /* V */,
			);
			path = FirstPage;
			sourceTree = "<group>";
		};
		455FA32B1E763C250039B155 /* C */ = {
			isa = PBXGroup;
			children = (
				455FA34C1E76A2940039B155 /* FirstController.h */,
				455FA34D1E76A2940039B155 /* FirstController.m */,
				4557CB731E7B982800F22E70 /* AppCenterController.h */,
				4557CB741E7B982800F22E70 /* AppCenterController.m */,
			);
			path = C;
			sourceTree = "<group>";
		};
		455FA32C1E763C250039B155 /* M */ = {
			isa = PBXGroup;
			children = (
				455FA16B1E7A8C6D00C85AE7 /* ClaimModel.h */,
				455FA16C1E7A8C6D00C85AE7 /* ClaimModel.m */,
				455FA16E1E7A8E3600C85AE7 /* ClaimDataBaseSingleton.h */,
				455FA16F1E7A8E3600C85AE7 /* ClaimDataBaseSingleton.m */,
				4557CB791E7BBC8200F22E70 /* AppModel.h */,
				4557CB7A1E7BBC8200F22E70 /* AppModel.m */,
				4557CB7C1E7BBD2600F22E70 /* DataSource.h */,
				4557CB7D1E7BBD2600F22E70 /* DataSource.m */,
				4557CB821E7BC84D00F22E70 /* FirstAppDataBaseSingleton.h */,
				4557CB831E7BC84D00F22E70 /* FirstAppDataBaseSingleton.m */,
			);
			path = M;
			sourceTree = "<group>";
		};
		455FA32D1E763C250039B155 /* V */ = {
			isa = PBXGroup;
			children = (
				455FA1621E7A660F00C85AE7 /* TravelCell.h */,
				455FA1631E7A660F00C85AE7 /* TravelCell.m */,
				455FA1651E7A831000C85AE7 /* ClaimCell.h */,
				455FA1661E7A831000C85AE7 /* ClaimCell.m */,
				455FA1681E7A833000C85AE7 /* ApplicationCenterCell.h */,
				455FA1691E7A833000C85AE7 /* ApplicationCenterCell.m */,
				4557CB761E7BB95400F22E70 /* AppTwoCell.h */,
				4557CB771E7BB95400F22E70 /* AppTwoCell.m */,
			);
			path = V;
			sourceTree = "<group>";
		};
		455FA32E1E763C250039B155 /* HeadFile */ = {
			isa = PBXGroup;
			children = (
				455FA3371E763C7A0039B155 /* CommonHeader.h */,
				455FA3381E763C9A0039B155 /* AllHeader.pch */,
			);
			path = HeadFile;
			sourceTree = "<group>";
		};
		455FA32F1E763C250039B155 /* Mine */ = {
			isa = PBXGroup;
			children = (
				455FA3471E7694020039B155 /* Mine.storyboard */,
				455FA3301E763C250039B155 /* C */,
				455FA3311E763C250039B155 /* M */,
				455FA3321E763C250039B155 /* V */,
			);
			path = Mine;
			sourceTree = "<group>";
		};
		455FA3301E763C250039B155 /* C */ = {
			isa = PBXGroup;
			children = (
				455FA3521E76A2C60039B155 /* MineController.h */,
				455FA3531E76A2C60039B155 /* MineController.m */,
			);
			path = C;
			sourceTree = "<group>";
		};
		455FA3311E763C250039B155 /* M */ = {
			isa = PBXGroup;
			children = (
			);
			path = M;
			sourceTree = "<group>";
		};
		455FA3321E763C250039B155 /* V */ = {
			isa = PBXGroup;
			children = (
			);
			path = V;
			sourceTree = "<group>";
		};
		455FA3331E763C250039B155 /* Tools */ = {
			isa = PBXGroup;
			children = (
				455FA3341E763C250039B155 /* C */,
				455FA3351E763C250039B155 /* M */,
				455FA3361E763C250039B155 /* V */,
			);
			path = Tools;
			sourceTree = "<group>";
		};
		455FA3341E763C250039B155 /* C */ = {
			isa = PBXGroup;
			children = (
			);
			path = C;
			sourceTree = "<group>";
		};
		455FA3351E763C250039B155 /* M */ = {
			isa = PBXGroup;
			children = (
				4562D74F1E7FBD3A00C6EE56 /* UploadImageModel.h */,
				4562D7501E7FBD3A00C6EE56 /* UploadImageModel.m */,
				4562D7491E7FB9BA00C6EE56 /* ReduceImage.h */,
				4562D74A1E7FB9BA00C6EE56 /* ReduceImage.m */,
				4562D7401E7F88C200C6EE56 /* NowDate.h */,
				4562D7411E7F88C200C6EE56 /* NowDate.m */,
				457D3CB01E7785BF00FD0309 /* AFSecuteCertificate.h */,
				457D3CB11E7785BF00FD0309 /* AFSecuteCertificate.m */,
				457D3CAD1E77858000FD0309 /* FixMemoryLeak.h */,
				457D3CAE1E77858000FD0309 /* FixMemoryLeak.m */,
				457D3CAA1E77857700FD0309 /* AFNetData.h */,
				457D3CAB1E77857700FD0309 /* AFNetData.m */,
				4562D74C1E7FB9E500C6EE56 /* UploadMulDocuments.h */,
				4562D74D1E7FB9E500C6EE56 /* UploadMulDocuments.m */,
				4562D7461E7FB9A000C6EE56 /* UploadImageNet.h */,
				4562D7471E7FB9A000C6EE56 /* UploadImageNet.m */,
				455930CD1E835A110041F6F9 /* ImageUrl.h */,
				455930CE1E835A110041F6F9 /* ImageUrl.m */,
			);
			path = M;
			sourceTree = "<group>";
		};
		455FA3361E763C250039B155 /* V */ = {
			isa = PBXGroup;
			children = (
				4562D75B1E7FDC1B00C6EE56 /* UIButton+button.h */,
				4562D75C1E7FDC1B00C6EE56 /* UIButton+button.m */,
				4557CB7F1E7BC3CC00F22E70 /* UIBarButtonItem+NagivationButton.h */,
				4557CB801E7BC3CC00F22E70 /* UIBarButtonItem+NagivationButton.m */,
				457D3CB31E778E8B00FD0309 /* MessageAlertView.h */,
				457D3CB41E778E8B00FD0309 /* MessageAlertView.m */,
			);
			path = V;
			sourceTree = "<group>";
		};
		455FA3551E76A4F10039B155 /* LoginAndRegister */ = {
			isa = PBXGroup;
			children = (
				455FA35F1E76A5370039B155 /* Login.storyboard */,
				455FA3561E76A4F10039B155 /* C */,
				455FA3571E76A4F10039B155 /* M */,
				455FA3581E76A4F10039B155 /* V */,
			);
			path = LoginAndRegister;
			sourceTree = "<group>";
		};
		455FA3561E76A4F10039B155 /* C */ = {
			isa = PBXGroup;
			children = (
				455FA35C1E76A5260039B155 /* LoginController.h */,
				455FA35D1E76A5260039B155 /* LoginController.m */,
				457D3CD21E77E98200FD0309 /* ConfirmInfoController.h */,
				457D3CD31E77E98200FD0309 /* ConfirmInfoController.m */,
			);
			path = C;
			sourceTree = "<group>";
		};
		455FA3571E76A4F10039B155 /* M */ = {
			isa = PBXGroup;
			children = (
			);
			path = M;
			sourceTree = "<group>";
		};
		455FA3581E76A4F10039B155 /* V */ = {
			isa = PBXGroup;
			children = (
			);
			path = V;
			sourceTree = "<group>";
		};
		4562D7BB1E80C29900C6EE56 /* Third */ = {
			isa = PBXGroup;
			children = (
				450A50EF1E853CB200433A61 /* RCDUserInfo.h */,
				450A50F01E853CB200433A61 /* RCDUserInfo.m */,
				450A50EB1E853C3200433A61 /* DefaultPortraitView.h */,
				450A50EC1E853C3200433A61 /* DefaultPortraitView.m */,
				450A50E81E853C1300433A61 /* UIColor+RCColor.h */,
				450A50E91E853C1300433A61 /* UIColor+RCColor.m */,
				450A50E51E853BDC00433A61 /* RCLocationConvert.h */,
				450A50E61E853BDC00433A61 /* RCLocationConvert.m */,
				450A50E21E853BBD00433A61 /* RCLocationView.h */,
				450A50E31E853BBD00433A61 /* RCLocationView.m */,
				450A50DF1E853BA800433A61 /* RCAnnotationView.h */,
				450A50E01E853BA800433A61 /* RCAnnotationView.m */,
				450A50DC1E853B9500433A61 /* RCDUtilities.h */,
				450A50DD1E853B9500433A61 /* RCDUtilities.m */,
				450A50D91E853B6F00433A61 /* RCAnnotation.h */,
				450A50DA1E853B6F00433A61 /* RCAnnotation.m */,
				450A50D61E853B5A00433A61 /* MBProgressHUD.h */,
				450A50D71E853B5A00433A61 /* MBProgressHUD.m */,
				450A50D31E853B3700433A61 /* HeadCollectionView.h */,
				450A50D41E853B3700433A61 /* HeadCollectionView.m */,
				45D110311E85390D009F2C4E /* RealTimeLocationStatusView.h */,
				45D110321E85390D009F2C4E /* RealTimeLocationStatusView.m */,
				45D1102E1E8538E2009F2C4E /* RealTimeLocationViewController.h */,
				45D1102F1E8538E2009F2C4E /* RealTimeLocationViewController.m */,
				45D1102B1E8538C0009F2C4E /* RealTimeLocationStartCell.h */,
				45D1102C1E8538C0009F2C4E /* RealTimeLocationStartCell.m */,
				45D110281E8538A6009F2C4E /* RealTimeLocationEndCell.h */,
				45D110291E8538A6009F2C4E /* RealTimeLocationEndCell.m */,
				456CCE401E827CD7005EC051 /* Rong_Cloud_iOS_IMKit_SDK_v2_8_8_Stable_e1260 */,
			);
			path = Third;
			sourceTree = "<group>";
		};
		456CCE401E827CD7005EC051 /* Rong_Cloud_iOS_IMKit_SDK_v2_8_8_Stable_e1260 */ = {
			isa = PBXGroup;
			children = (
				456CCE411E827CD7005EC051 /* CallKit */,
				456CCE431E827CD7005EC051 /* CallLib */,
				456CCE461E827CD7005EC051 /* IMKit */,
				456CCE4D1E827CD7005EC051 /* IMLib */,
				456CCE511E827CD7005EC051 /* RedPacket */,
				456CCE5F1E827CD7005EC051 /* release_notes_ios.txt */,
			);
			path = Rong_Cloud_iOS_IMKit_SDK_v2_8_8_Stable_e1260;
			sourceTree = "<group>";
		};
		456CCE411E827CD7005EC051 /* CallKit */ = {
			isa = PBXGroup;
			children = (
				456CCE421E827CD7005EC051 /* RongCallKit.framework */,
			);
			path = CallKit;
			sourceTree = "<group>";
		};
		456CCE431E827CD7005EC051 /* CallLib */ = {
			isa = PBXGroup;
			children = (
				456CCE441E827CD7005EC051 /* AgoraRtcEngineKit.framework */,
				456CCE451E827CD7005EC051 /* RongCallLib.framework */,
			);
			path = CallLib;
			sourceTree = "<group>";
		};
		456CCE461E827CD7005EC051 /* IMKit */ = {
			isa = PBXGroup;
			children = (
				456CCE471E827CD7005EC051 /* Emoji.plist */,
				456CCE481E827CD7005EC051 /* RongCloudKit.strings */,
				456CCE4A1E827CD7005EC051 /* RongCloud.bundle */,
				456CCE4B1E827CD7005EC051 /* RongIMKit.framework */,
			);
			path = IMKit;
			sourceTree = "<group>";
		};
		456CCE4D1E827CD7005EC051 /* IMLib */ = {
			isa = PBXGroup;
			children = (
				456CCE4E1E827CD7005EC051 /* libopencore-amrnb.a */,
				456CCE4F1E827CD7005EC051 /* RCConfig.plist */,
				456CCE501E827CD7005EC051 /* RongIMLib.framework */,
			);
			path = IMLib;
			sourceTree = "<group>";
		};
		456CCE511E827CD7005EC051 /* RedPacket */ = {
			isa = PBXGroup;
			children = (
				456CCE521E827CD7005EC051 /* AlipaySDK */,
				456CCE551E827CD7005EC051 /* JrmfIMLib */,
			);
			path = RedPacket;
			sourceTree = "<group>";
		};
		456CCE521E827CD7005EC051 /* AlipaySDK */ = {
			isa = PBXGroup;
			children = (
				456CCE531E827CD7005EC051 /* AlipaySDK.bundle */,
				456CCE541E827CD7005EC051 /* AlipaySDK.framework */,
			);
			path = AlipaySDK;
			sourceTree = "<group>";
		};
		456CCE551E827CD7005EC051 /* JrmfIMLib */ = {
			isa = PBXGroup;
			children = (
				456CCE561E827CD7005EC051 /* JrmfInfo.strings */,
				456CCE581E827CD7005EC051 /* JResource.bundle */,
				456CCE591E827CD7005EC051 /* jrmf.cer */,
				456CCE5A1E827CD7005EC051 /* JrmfPacketKit.framework */,
				456CCE5B1E827CD7005EC051 /* JrmfWalletKit.framework */,
				456CCE5C1E827CD7005EC051 /* JYangToolKit.framework */,
				456CCE5D1E827CD7005EC051 /* WalletResource.bundle */,
			);
			path = JrmfIMLib;
			sourceTree = "<group>";
		};
		457D3CB61E77CD4A00FD0309 /* Address */ = {
			isa = PBXGroup;
			children = (
				4562D7F21E80DC1900C6EE56 /* Address.storyboard */,
				457D3CB71E77CD4A00FD0309 /* C */,
				457D3CB81E77CD4A00FD0309 /* M */,
				457D3CB91E77CD4A00FD0309 /* V */,
			);
			path = Address;
			sourceTree = "<group>";
		};
		457D3CB71E77CD4A00FD0309 /* C */ = {
			isa = PBXGroup;
			children = (
				4562D7F71E80FF2800C6EE56 /* AddressListController.h */,
				4562D7F81E80FF2800C6EE56 /* AddressListController.m */,
			);
			path = C;
			sourceTree = "<group>";
		};
		457D3CB81E77CD4A00FD0309 /* M */ = {
			isa = PBXGroup;
			children = (
				457D3CC51E77CD7400FD0309 /* FriendsListModel.h */,
				457D3CC61E77CD7400FD0309 /* FriendsListModel.m */,
				457D3CC21E77CD6900FD0309 /* AddressDataBaseSingleton.h */,
				457D3CC31E77CD6900FD0309 /* AddressDataBaseSingleton.m */,
			);
			path = M;
			sourceTree = "<group>";
		};
		457D3CB91E77CD4A00FD0309 /* V */ = {
			isa = PBXGroup;
			children = (
				4562D7F41E80F8A900C6EE56 /* AddressCell.h */,
				4562D7F51E80F8A900C6EE56 /* AddressCell.m */,
			);
			path = V;
			sourceTree = "<group>";
		};
		457D3CBA1E77CD4A00FD0309 /* ChatHall */ = {
			isa = PBXGroup;
			children = (
				457D3CBB1E77CD4A00FD0309 /* C */,
				457D3CBC1E77CD4A00FD0309 /* M */,
				457D3CBD1E77CD4A00FD0309 /* V */,
			);
			path = ChatHall;
			sourceTree = "<group>";
		};
		457D3CBB1E77CD4A00FD0309 /* C */ = {
			isa = PBXGroup;
			children = (
			);
			path = C;
			sourceTree = "<group>";
		};
		457D3CBC1E77CD4A00FD0309 /* M */ = {
			isa = PBXGroup;
			children = (
			);
			path = M;
			sourceTree = "<group>";
		};
		457D3CBD1E77CD4A00FD0309 /* V */ = {
			isa = PBXGroup;
			children = (
			);
			path = V;
			sourceTree = "<group>";
		};
		457D3CBE1E77CD4A00FD0309 /* CircleOfFriends */ = {
			isa = PBXGroup;
			children = (
				457D3CBF1E77CD4A00FD0309 /* C */,
				457D3CC01E77CD4A00FD0309 /* M */,
				457D3CC11E77CD4A00FD0309 /* V */,
			);
			path = CircleOfFriends;
			sourceTree = "<group>";
		};
		457D3CBF1E77CD4A00FD0309 /* C */ = {
			isa = PBXGroup;
			children = (
			);
			path = C;
			sourceTree = "<group>";
		};
		457D3CC01E77CD4A00FD0309 /* M */ = {
			isa = PBXGroup;
			children = (
			);
			path = M;
			sourceTree = "<group>";
		};
		457D3CC11E77CD4A00FD0309 /* V */ = {
			isa = PBXGroup;
			children = (
			);
			path = V;
			sourceTree = "<group>";
		};
		457D3CC81E77CDAB00FD0309 /* Group */ = {
			isa = PBXGroup;
			children = (
				4562D7321E7F6E2700C6EE56 /* Group.storyboard */,
				457D3CC91E77CDAB00FD0309 /* C */,
				457D3CCA1E77CDAB00FD0309 /* M */,
				457D3CCB1E77CDAB00FD0309 /* V */,
			);
			path = Group;
			sourceTree = "<group>";
		};
		457D3CC91E77CDAB00FD0309 /* C */ = {
			isa = PBXGroup;
			children = (
				4562D8041E8134A900C6EE56 /* GroupListController.h */,
				4562D8051E8134A900C6EE56 /* GroupListController.m */,
				4562D72F1E7F6DFC00C6EE56 /* GroupActivityListController.h */,
				4562D7301E7F6DFC00C6EE56 /* GroupActivityListController.m */,
				4562D7431E7FAC0200C6EE56 /* CreateActivityController.h */,
				4562D7441E7FAC0200C6EE56 /* CreateActivityController.m */,
			);
			path = C;
			sourceTree = "<group>";
		};
		457D3CCA1E77CDAB00FD0309 /* M */ = {
			isa = PBXGroup;
			children = (
				457D3CCC1E77CE3500FD0309 /* GroupDatabaseSingleton.h */,
				457D3CCD1E77CE3500FD0309 /* GroupDatabaseSingleton.m */,
				457D3CCE1E77CE3500FD0309 /* GroupModel.h */,
				457D3CCF1E77CE3500FD0309 /* GroupModel.m */,
				4562D7371E7F792D00C6EE56 /* ActivityListModel.h */,
				4562D7381E7F792D00C6EE56 /* ActivityListModel.m */,
				4562D73D1E7F828D00C6EE56 /* ActivityListDatabaseSingleton.h */,
				4562D73E1E7F828D00C6EE56 /* ActivityListDatabaseSingleton.m */,
				4562D7551E7FD7C900C6EE56 /* UploadActImageNet.h */,
				4562D7561E7FD7C900C6EE56 /* UploadActImageNet.m */,
			);
			path = M;
			sourceTree = "<group>";
		};
		457D3CCB1E77CDAB00FD0309 /* V */ = {
			isa = PBXGroup;
			children = (
				4562D8011E81300F00C6EE56 /* GroupListCell.h */,
				4562D8021E81300F00C6EE56 /* GroupListCell.m */,
				4562D7341E7F75EA00C6EE56 /* ActivityListCell.h */,
				4562D7351E7F75EA00C6EE56 /* ActivityListCell.m */,
				4562D7521E7FD6BD00C6EE56 /* ActImageCell.h */,
				4562D7531E7FD6BD00C6EE56 /* ActImageCell.m */,
			);
			path = V;
			sourceTree = "<group>";
		};
		55BFAB6FB609C76103B710A7 /* Frameworks */ = {
			isa = PBXGroup;
			children = (
				4562D7FC1E810DED00C6EE56 /* Contacts.framework */,
				4562D7FA1E810CEF00C6EE56 /* AddressBook.framework */,
				4562D7F01E80C3EF00C6EE56 /* VideoToolbox.framework */,
				4562D7B91E80BDEA00C6EE56 /* Foundation.framework */,
				4562D7B71E80BC4300C6EE56 /* SafariServices.framework */,
				4562D7B51E80BC3B00C6EE56 /* Photos.framework */,
				4562D7B31E80BC3400C6EE56 /* UIKit.framework */,
				4562D7B11E80BC2A00C6EE56 /* SystemConfiguration.framework */,
				4562D7AF1E80BC1200C6EE56 /* OpenGLES.framework */,
				4562D7AD1E80BC0700C6EE56 /* MapKit.framework */,
				4562D7AB1E80BBFC00C6EE56 /* libxml2.tbd */,
				4562D7A91E80BBF200C6EE56 /* libstdc++.tbd */,
				4562D7A71E80BBE400C6EE56 /* libsqlite3.tbd */,
				4562D7A51E80BBD900C6EE56 /* libc++abi.tbd */,
				4562D7A31E80BBCA00C6EE56 /* ImageIO.framework */,
				4562D7A11E80BBC300C6EE56 /* CoreVideo.framework */,
				4562D79F1E80BBB100C6EE56 /* CoreMedia.framework */,
				4562D79D1E80BBA600C6EE56 /* CoreLocation.framework */,
				4562D79B1E80BB9D00C6EE56 /* CoreGraphics.framework */,
				4562D7991E80BB8400C6EE56 /* CoreAudio.framework */,
				4562D7971E80BB7400C6EE56 /* AVFoundation.framework */,
				4562D7951E80BB6900C6EE56 /* AudioToolbox.framework */,
				4562D7931E80BB5D00C6EE56 /* AssetsLibrary.framework */,
				451B285B1E7D282D0024B336 /* libc++.tbd */,
				451B28591E7D28210024B336 /* libz.tbd */,
				451B28571E7D27FC0024B336 /* CoreMotion.framework */,
				451B28551E7D27F20024B336 /* CFNetwork.framework */,
				451B28531E7D27DF0024B336 /* CoreText.framework */,
				451B28511E7D27CE0024B336 /* QuartzCore.framework */,
				451B284F1E7D27C00024B336 /* CoreTelephony.framework */,
				E46915D732FF20A1CABB71B5 /* libPods-CommunityProject.a */,
			);
			name = Frameworks;
			sourceTree = "<group>";
		};
		E68AA8D51510DF75EF1D26DE /* Pods */ = {
			isa = PBXGroup;
			children = (
				DDF9FD536E6AA7BFF19AA014 /* Pods-CommunityProject.debug.xcconfig */,
				754849117AB8F9CD0A93FA3B /* Pods-CommunityProject.release.xcconfig */,
			);
			name = Pods;
			sourceTree = "<group>";
		};
/* End PBXGroup section */

/* Begin PBXNativeTarget section */
		455FA3071E7631A80039B155 /* CommunityProject */ = {
			isa = PBXNativeTarget;
			buildConfigurationList = 455FA3221E7631A90039B155 /* Build configuration list for PBXNativeTarget "CommunityProject" */;
			buildPhases = (
				D08D54B54A8E404E69F88A89 /* [CP] Check Pods Manifest.lock */,
				455FA3041E7631A80039B155 /* Sources */,
				455FA3051E7631A80039B155 /* Frameworks */,
				455FA3061E7631A80039B155 /* Resources */,
				36A70E78610F3518711E1124 /* [CP] Embed Pods Frameworks */,
				A0B8BBB5F3A354F2E623DE0E /* [CP] Copy Pods Resources */,
			);
			buildRules = (
			);
			dependencies = (
			);
			name = CommunityProject;
			productName = CommunityProject;
			productReference = 455FA3081E7631A90039B155 /* CommunityProject.app */;
			productType = "com.apple.product-type.application";
		};
/* End PBXNativeTarget section */

/* Begin PBXProject section */
		455FA3001E7631A80039B155 /* Project object */ = {
			isa = PBXProject;
			attributes = {
				LastUpgradeCheck = 0820;
				ORGANIZATIONNAME = "来自任性傲娇的女王";
				TargetAttributes = {
					455FA3071E7631A80039B155 = {
						CreatedOnToolsVersion = 8.2.1;
						DevelopmentTeam = Q4J8HDK83K;
						ProvisioningStyle = Automatic;
					};
				};
			};
			buildConfigurationList = 455FA3031E7631A80039B155 /* Build configuration list for PBXProject "CommunityProject" */;
			compatibilityVersion = "Xcode 3.2";
			developmentRegion = English;
			hasScannedForEncodings = 0;
			knownRegions = (
				en,
				Base,
				"zh-Hans",
			);
			mainGroup = 455FA2FF1E7631A80039B155;
			productRefGroup = 455FA3091E7631A90039B155 /* Products */;
			projectDirPath = "";
			projectRoot = "";
			targets = (
				455FA3071E7631A80039B155 /* CommunityProject */,
			);
		};
/* End PBXProject section */

/* Begin PBXResourcesBuildPhase section */
		455FA3061E7631A80039B155 /* Resources */ = {
			isa = PBXResourcesBuildPhase;
			buildActionMask = 2147483647;
			files = (
				455FA3461E7693F00039B155 /* WeChat.storyboard in Resources */,
				4562D7F31E80DC1900C6EE56 /* Address.storyboard in Resources */,
				456CCE6A1E827CD8005EC051 /* AlipaySDK.bundle in Resources */,
				456CCE6C1E827CD8005EC051 /* JrmfInfo.strings in Resources */,
				455FA3441E7693C70039B155 /* FirstPage.storyboard in Resources */,
				456CCE681E827CD8005EC051 /* RCConfig.plist in Resources */,
				456CCE721E827CD8005EC051 /* WalletResource.bundle in Resources */,
				456CCE731E827CD8005EC051 /* release_notes_ios.txt in Resources */,
				455FA3601E76A5370039B155 /* Login.storyboard in Resources */,
				455FA31E1E7631A90039B155 /* LaunchScreen.storyboard in Resources */,
				456CCE651E827CD8005EC051 /* RongCloud.bundle in Resources */,
				456CCE631E827CD7005EC051 /* Emoji.plist in Resources */,
				456CCE6E1E827CD8005EC051 /* jrmf.cer in Resources */,
				456CCE6D1E827CD8005EC051 /* JResource.bundle in Resources */,
				4562D7331E7F6E2700C6EE56 /* Group.storyboard in Resources */,
				455FA3481E7694020039B155 /* Mine.storyboard in Resources */,
				455FA31B1E7631A90039B155 /* Assets.xcassets in Resources */,
				456CCE641E827CD8005EC051 /* RongCloudKit.strings in Resources */,
				455FA3161E7631A90039B155 /* Main.storyboard in Resources */,
			);
			runOnlyForDeploymentPostprocessing = 0;
		};
/* End PBXResourcesBuildPhase section */

/* Begin PBXShellScriptBuildPhase section */
		36A70E78610F3518711E1124 /* [CP] Embed Pods Frameworks */ = {
			isa = PBXShellScriptBuildPhase;
			buildActionMask = 2147483647;
			files = (
			);
			inputPaths = (
			);
			name = "[CP] Embed Pods Frameworks";
			outputPaths = (
			);
			runOnlyForDeploymentPostprocessing = 0;
			shellPath = /bin/sh;
			shellScript = "\"${SRCROOT}/Pods/Target Support Files/Pods-CommunityProject/Pods-CommunityProject-frameworks.sh\"\n";
			showEnvVarsInLog = 0;
		};
		A0B8BBB5F3A354F2E623DE0E /* [CP] Copy Pods Resources */ = {
			isa = PBXShellScriptBuildPhase;
			buildActionMask = 2147483647;
			files = (
			);
			inputPaths = (
			);
			name = "[CP] Copy Pods Resources";
			outputPaths = (
			);
			runOnlyForDeploymentPostprocessing = 0;
			shellPath = /bin/sh;
			shellScript = "\"${SRCROOT}/Pods/Target Support Files/Pods-CommunityProject/Pods-CommunityProject-resources.sh\"\n";
			showEnvVarsInLog = 0;
		};
		D08D54B54A8E404E69F88A89 /* [CP] Check Pods Manifest.lock */ = {
			isa = PBXShellScriptBuildPhase;
			buildActionMask = 2147483647;
			files = (
			);
			inputPaths = (
			);
			name = "[CP] Check Pods Manifest.lock";
			outputPaths = (
			);
			runOnlyForDeploymentPostprocessing = 0;
			shellPath = /bin/sh;
			shellScript = "diff \"${PODS_PODFILE_DIR_PATH}/Podfile.lock\" \"${PODS_ROOT}/Manifest.lock\" > /dev/null\nif [ $? != 0 ] ; then\n    # print error to STDERR\n    echo \"error: The sandbox is not in sync with the Podfile.lock. Run 'pod install' or update your CocoaPods installation.\" >&2\n    exit 1\nfi\n";
			showEnvVarsInLog = 0;
		};
/* End PBXShellScriptBuildPhase section */

/* Begin PBXSourcesBuildPhase section */
		455FA3041E7631A80039B155 /* Sources */ = {
			isa = PBXSourcesBuildPhase;
			buildActionMask = 2147483647;
			files = (
				4562D7511E7FBD3A00C6EE56 /* UploadImageModel.m in Sources */,
				455FA34E1E76A2940039B155 /* FirstController.m in Sources */,
				455FA1701E7A8E3600C85AE7 /* ClaimDataBaseSingleton.m in Sources */,
				4557CB781E7BB95400F22E70 /* AppTwoCell.m in Sources */,
				4562D7571E7FD7C900C6EE56 /* UploadActImageNet.m in Sources */,
				4562D7541E7FD6BD00C6EE56 /* ActImageCell.m in Sources */,
				4562D73C1E7F7B6A00C6EE56 /* UIView+ChatWhiteView.m in Sources */,
				4562D73F1E7F828D00C6EE56 /* ActivityListDatabaseSingleton.m in Sources */,
				450A50ED1E853C3200433A61 /* DefaultPortraitView.m in Sources */,
				457D3CC71E77CD7400FD0309 /* FriendsListModel.m in Sources */,
				457D3CB51E778E8B00FD0309 /* MessageAlertView.m in Sources */,
				455FA35E1E76A5260039B155 /* LoginController.m in Sources */,
				455FA3191E7631A90039B155 /* CommunityProject.xcdatamodeld in Sources */,
				45D1102D1E8538C0009F2C4E /* RealTimeLocationStartCell.m in Sources */,
				4562D7F61E80F8A900C6EE56 /* AddressCell.m in Sources */,
				4562D8061E8134A900C6EE56 /* GroupListController.m in Sources */,
				4557CB841E7BC84D00F22E70 /* FirstAppDataBaseSingleton.m in Sources */,
				457D3CD11E77CE3500FD0309 /* GroupModel.m in Sources */,
				4562D7311E7F6DFC00C6EE56 /* GroupActivityListController.m in Sources */,
				45D110331E85390D009F2C4E /* RealTimeLocationStatusView.m in Sources */,
				457D3CAF1E77858000FD0309 /* FixMemoryLeak.m in Sources */,
				4557CB751E7B982800F22E70 /* AppCenterController.m in Sources */,
				45D110301E8538E2009F2C4E /* RealTimeLocationViewController.m in Sources */,
				4556F0C51E85116B00E1E2FE /* MyLocationViewController.m in Sources */,
				4562D7451E7FAC0200C6EE56 /* CreateActivityController.m in Sources */,
				450A50E11E853BA800433A61 /* RCAnnotationView.m in Sources */,
				4562D8031E81300F00C6EE56 /* GroupListCell.m in Sources */,
				457D3CB21E7785BF00FD0309 /* AFSecuteCertificate.m in Sources */,
				457D3CD41E77E98200FD0309 /* ConfirmInfoController.m in Sources */,
				455FA1641E7A660F00C85AE7 /* TravelCell.m in Sources */,
				457D3CAC1E77857700FD0309 /* AFNetData.m in Sources */,
				455FA3511E76A2B60039B155 /* ChatMainController.m in Sources */,
				455FA3101E7631A90039B155 /* AppDelegate.m in Sources */,
				455930CF1E835A110041F6F9 /* ImageUrl.m in Sources */,
				4557CB7E1E7BBD2600F22E70 /* DataSource.m in Sources */,
				450A50D51E853B3700433A61 /* HeadCollectionView.m in Sources */,
				4562D7F91E80FF2800C6EE56 /* AddressListController.m in Sources */,
				450A50E41E853BBD00433A61 /* RCLocationView.m in Sources */,
				455FA34B1E769C8C0039B155 /* MainTabBarController.m in Sources */,
				450A50DB1E853B7000433A61 /* RCAnnotation.m in Sources */,
				4557CB7B1E7BBC8200F22E70 /* AppModel.m in Sources */,
				4562D7361E7F75EA00C6EE56 /* ActivityListCell.m in Sources */,
				4562D7601E7FDFD900C6EE56 /* UIView+ChatMoreView.m in Sources */,
				4562D7391E7F792D00C6EE56 /* ActivityListModel.m in Sources */,
				450A50F11E853CB200433A61 /* RCDUserInfo.m in Sources */,
				455FA30D1E7631A90039B155 /* main.m in Sources */,
				450A50DE1E853B9500433A61 /* RCDUtilities.m in Sources */,
				4562D74E1E7FB9E500C6EE56 /* UploadMulDocuments.m in Sources */,
				4557CB811E7BC3CC00F22E70 /* UIBarButtonItem+NagivationButton.m in Sources */,
				450A50E71E853BDC00433A61 /* RCLocationConvert.m in Sources */,
				450A50EA1E853C1300433A61 /* UIColor+RCColor.m in Sources */,
				457D3CC41E77CD6900FD0309 /* AddressDataBaseSingleton.m in Sources */,
				457D3CD01E77CE3500FD0309 /* GroupDatabaseSingleton.m in Sources */,
				455FA16D1E7A8C6D00C85AE7 /* ClaimModel.m in Sources */,
				4562D74B1E7FB9BA00C6EE56 /* ReduceImage.m in Sources */,
				4562D75D1E7FDC1B00C6EE56 /* UIButton+button.m in Sources */,
				4562D7481E7FB9A000C6EE56 /* UploadImageNet.m in Sources */,
				455FA3541E76A2C60039B155 /* MineController.m in Sources */,
				4557CB871E7BE88900F22E70 /* ChatDetailController.m in Sources */,
				455FA1671E7A831000C85AE7 /* ClaimCell.m in Sources */,
				4562D7421E7F88C200C6EE56 /* NowDate.m in Sources */,
				45D1102A1E8538A6009F2C4E /* RealTimeLocationEndCell.m in Sources */,
				455FA16A1E7A833000C85AE7 /* ApplicationCenterCell.m in Sources */,
				450A50D81E853B5A00433A61 /* MBProgressHUD.m in Sources */,
			);
			runOnlyForDeploymentPostprocessing = 0;
		};
/* End PBXSourcesBuildPhase section */

/* Begin PBXVariantGroup section */
		455FA3141E7631A90039B155 /* Main.storyboard */ = {
			isa = PBXVariantGroup;
			children = (
				455FA3151E7631A90039B155 /* Base */,
			);
			name = Main.storyboard;
			sourceTree = "<group>";
		};
		455FA31C1E7631A90039B155 /* LaunchScreen.storyboard */ = {
			isa = PBXVariantGroup;
			children = (
				455FA31D1E7631A90039B155 /* Base */,
			);
			name = LaunchScreen.storyboard;
			sourceTree = "<group>";
		};
		456CCE481E827CD7005EC051 /* RongCloudKit.strings */ = {
			isa = PBXVariantGroup;
			children = (
				456CCE491E827CD7005EC051 /* en */,
				456CCE4C1E827CD7005EC051 /* zh-Hans */,
			);
			name = RongCloudKit.strings;
			sourceTree = "<group>";
		};
		456CCE561E827CD7005EC051 /* JrmfInfo.strings */ = {
			isa = PBXVariantGroup;
			children = (
				456CCE571E827CD7005EC051 /* en */,
				456CCE5E1E827CD7005EC051 /* zh-Hans */,
			);
			name = JrmfInfo.strings;
			sourceTree = "<group>";
		};
/* End PBXVariantGroup section */

/* Begin XCBuildConfiguration section */
		455FA3201E7631A90039B155 /* Debug */ = {
			isa = XCBuildConfiguration;
			buildSettings = {
				ALWAYS_SEARCH_USER_PATHS = NO;
				CLANG_ANALYZER_NONNULL = YES;
				CLANG_CXX_LANGUAGE_STANDARD = "gnu++0x";
				CLANG_CXX_LIBRARY = "libc++";
				CLANG_ENABLE_MODULES = YES;
				CLANG_ENABLE_OBJC_ARC = YES;
				CLANG_WARN_BOOL_CONVERSION = YES;
				CLANG_WARN_CONSTANT_CONVERSION = YES;
				CLANG_WARN_DIRECT_OBJC_ISA_USAGE = YES_ERROR;
				CLANG_WARN_DOCUMENTATION_COMMENTS = YES;
				CLANG_WARN_EMPTY_BODY = YES;
				CLANG_WARN_ENUM_CONVERSION = YES;
				CLANG_WARN_INFINITE_RECURSION = YES;
				CLANG_WARN_INT_CONVERSION = YES;
				CLANG_WARN_OBJC_ROOT_CLASS = YES_ERROR;
				CLANG_WARN_SUSPICIOUS_MOVE = YES;
				CLANG_WARN_UNREACHABLE_CODE = YES;
				CLANG_WARN__DUPLICATE_METHOD_MATCH = YES;
				"CODE_SIGN_IDENTITY[sdk=iphoneos*]" = "iPhone Developer";
				COPY_PHASE_STRIP = NO;
				DEBUG_INFORMATION_FORMAT = dwarf;
				ENABLE_BITCODE = NO;
				ENABLE_STRICT_OBJC_MSGSEND = YES;
				ENABLE_TESTABILITY = YES;
				GCC_C_LANGUAGE_STANDARD = gnu99;
				GCC_DYNAMIC_NO_PIC = NO;
				GCC_NO_COMMON_BLOCKS = YES;
				GCC_OPTIMIZATION_LEVEL = 0;
				GCC_PREPROCESSOR_DEFINITIONS = (
					"DEBUG=1",
					"$(inherited)",
				);
				GCC_WARN_64_TO_32_BIT_CONVERSION = YES;
				GCC_WARN_ABOUT_RETURN_TYPE = YES_ERROR;
				GCC_WARN_UNDECLARED_SELECTOR = YES;
				GCC_WARN_UNINITIALIZED_AUTOS = YES_AGGRESSIVE;
				GCC_WARN_UNUSED_FUNCTION = YES;
				GCC_WARN_UNUSED_VARIABLE = YES;
				IPHONEOS_DEPLOYMENT_TARGET = 9.0;
				MTL_ENABLE_DEBUG_INFO = YES;
				ONLY_ACTIVE_ARCH = YES;
				SDKROOT = iphoneos;
				VALID_ARCHS = "arm64 armv7s armv7";
			};
			name = Debug;
		};
		455FA3211E7631A90039B155 /* Release */ = {
			isa = XCBuildConfiguration;
			buildSettings = {
				ALWAYS_SEARCH_USER_PATHS = NO;
				CLANG_ANALYZER_NONNULL = YES;
				CLANG_CXX_LANGUAGE_STANDARD = "gnu++0x";
				CLANG_CXX_LIBRARY = "libc++";
				CLANG_ENABLE_MODULES = YES;
				CLANG_ENABLE_OBJC_ARC = YES;
				CLANG_WARN_BOOL_CONVERSION = YES;
				CLANG_WARN_CONSTANT_CONVERSION = YES;
				CLANG_WARN_DIRECT_OBJC_ISA_USAGE = YES_ERROR;
				CLANG_WARN_DOCUMENTATION_COMMENTS = YES;
				CLANG_WARN_EMPTY_BODY = YES;
				CLANG_WARN_ENUM_CONVERSION = YES;
				CLANG_WARN_INFINITE_RECURSION = YES;
				CLANG_WARN_INT_CONVERSION = YES;
				CLANG_WARN_OBJC_ROOT_CLASS = YES_ERROR;
				CLANG_WARN_SUSPICIOUS_MOVE = YES;
				CLANG_WARN_UNREACHABLE_CODE = YES;
				CLANG_WARN__DUPLICATE_METHOD_MATCH = YES;
				"CODE_SIGN_IDENTITY[sdk=iphoneos*]" = "iPhone Developer";
				COPY_PHASE_STRIP = NO;
				DEBUG_INFORMATION_FORMAT = "dwarf-with-dsym";
				ENABLE_BITCODE = NO;
				ENABLE_NS_ASSERTIONS = NO;
				ENABLE_STRICT_OBJC_MSGSEND = YES;
				GCC_C_LANGUAGE_STANDARD = gnu99;
				GCC_NO_COMMON_BLOCKS = YES;
				GCC_WARN_64_TO_32_BIT_CONVERSION = YES;
				GCC_WARN_ABOUT_RETURN_TYPE = YES_ERROR;
				GCC_WARN_UNDECLARED_SELECTOR = YES;
				GCC_WARN_UNINITIALIZED_AUTOS = YES_AGGRESSIVE;
				GCC_WARN_UNUSED_FUNCTION = YES;
				GCC_WARN_UNUSED_VARIABLE = YES;
				IPHONEOS_DEPLOYMENT_TARGET = 9.0;
				MTL_ENABLE_DEBUG_INFO = NO;
				ONLY_ACTIVE_ARCH = NO;
				SDKROOT = iphoneos;
				VALIDATE_PRODUCT = YES;
				VALID_ARCHS = "arm64 armv7s armv7";
			};
			name = Release;
		};
		455FA3231E7631A90039B155 /* Debug */ = {
			isa = XCBuildConfiguration;
			baseConfigurationReference = DDF9FD536E6AA7BFF19AA014 /* Pods-CommunityProject.debug.xcconfig */;
			buildSettings = {
				ASSETCATALOG_COMPILER_APPICON_NAME = AppIcon;
				DEVELOPMENT_TEAM = Q4J8HDK83K;
				ENABLE_BITCODE = NO;
				FRAMEWORK_SEARCH_PATHS = (
					"$(inherited)",
					"$(PROJECT_DIR)/CommunityProject/Third/Rong_Cloud_iOS_IMKit_SDK_v2_8_8_Stable_e1260/CallKit",
					"$(PROJECT_DIR)/CommunityProject/Third/Rong_Cloud_iOS_IMKit_SDK_v2_8_8_Stable_e1260/CallLib",
					"$(PROJECT_DIR)/CommunityProject/Third/Rong_Cloud_iOS_IMKit_SDK_v2_8_8_Stable_e1260/IMKit",
					"$(PROJECT_DIR)/CommunityProject/Third/Rong_Cloud_iOS_IMKit_SDK_v2_8_8_Stable_e1260/IMLib",
					"$(PROJECT_DIR)/CommunityProject/Third/Rong_Cloud_iOS_IMKit_SDK_v2_8_8_Stable_e1260/RedPacket/AlipaySDK",
					"$(PROJECT_DIR)/CommunityProject/Third/Rong_Cloud_iOS_IMKit_SDK_v2_8_8_Stable_e1260/RedPacket/JrmfIMLib",
				);
				GCC_PREFIX_HEADER = $SRCROOT/CommunityProject/HeadFile/AllHeader.pch;
				INFOPLIST_FILE = CommunityProject/Info.plist;
				IPHONEOS_DEPLOYMENT_TARGET = 9.3;
				LD_RUNPATH_SEARCH_PATHS = "$(inherited) @executable_path/Frameworks";
				LIBRARY_SEARCH_PATHS = (
					"$(inherited)",
					"$(PROJECT_DIR)/CommunityProject/Third/Rong_Cloud_iOS_IMKit_SDK_v2_8_8_Stable_e1260/IMLib",
				);
				ONLY_ACTIVE_ARCH = YES;
				PRODUCT_BUNDLE_IDENTIFIER = "---------.CommunityProject";
				PRODUCT_NAME = "$(TARGET_NAME)";
				VALID_ARCHS = "arm64 armv7";
			};
			name = Debug;
		};
		455FA3241E7631A90039B155 /* Release */ = {
			isa = XCBuildConfiguration;
			baseConfigurationReference = 754849117AB8F9CD0A93FA3B /* Pods-CommunityProject.release.xcconfig */;
			buildSettings = {
				ASSETCATALOG_COMPILER_APPICON_NAME = AppIcon;
				DEVELOPMENT_TEAM = Q4J8HDK83K;
				ENABLE_BITCODE = NO;
				FRAMEWORK_SEARCH_PATHS = (
					"$(inherited)",
					"$(PROJECT_DIR)/CommunityProject/Third/Rong_Cloud_iOS_IMKit_SDK_v2_8_8_Stable_e1260/CallKit",
					"$(PROJECT_DIR)/CommunityProject/Third/Rong_Cloud_iOS_IMKit_SDK_v2_8_8_Stable_e1260/CallLib",
					"$(PROJECT_DIR)/CommunityProject/Third/Rong_Cloud_iOS_IMKit_SDK_v2_8_8_Stable_e1260/IMKit",
					"$(PROJECT_DIR)/CommunityProject/Third/Rong_Cloud_iOS_IMKit_SDK_v2_8_8_Stable_e1260/IMLib",
					"$(PROJECT_DIR)/CommunityProject/Third/Rong_Cloud_iOS_IMKit_SDK_v2_8_8_Stable_e1260/RedPacket/AlipaySDK",
					"$(PROJECT_DIR)/CommunityProject/Third/Rong_Cloud_iOS_IMKit_SDK_v2_8_8_Stable_e1260/RedPacket/JrmfIMLib",
				);
				GCC_PREFIX_HEADER = $SRCROOT/CommunityProject/HeadFile/AllHeader.pch;
				INFOPLIST_FILE = CommunityProject/Info.plist;
				IPHONEOS_DEPLOYMENT_TARGET = 9.3;
				LD_RUNPATH_SEARCH_PATHS = "$(inherited) @executable_path/Frameworks";
				LIBRARY_SEARCH_PATHS = (
					"$(inherited)",
					"$(PROJECT_DIR)/CommunityProject/Third/Rong_Cloud_iOS_IMKit_SDK_v2_8_8_Stable_e1260/IMLib",
				);
				ONLY_ACTIVE_ARCH = NO;
				PRODUCT_BUNDLE_IDENTIFIER = "---------.CommunityProject";
				PRODUCT_NAME = "$(TARGET_NAME)";
				VALID_ARCHS = "arm64 armv7";
			};
			name = Release;
		};
/* End XCBuildConfiguration section */

/* Begin XCConfigurationList section */
		455FA3031E7631A80039B155 /* Build configuration list for PBXProject "CommunityProject" */ = {
			isa = XCConfigurationList;
			buildConfigurations = (
				455FA3201E7631A90039B155 /* Debug */,
				455FA3211E7631A90039B155 /* Release */,
			);
			defaultConfigurationIsVisible = 0;
			defaultConfigurationName = Release;
		};
		455FA3221E7631A90039B155 /* Build configuration list for PBXNativeTarget "CommunityProject" */ = {
			isa = XCConfigurationList;
			buildConfigurations = (
				455FA3231E7631A90039B155 /* Debug */,
				455FA3241E7631A90039B155 /* Release */,
			);
			defaultConfigurationIsVisible = 0;
			defaultConfigurationName = Release;
		};
/* End XCConfigurationList section */

/* Begin XCVersionGroup section */
		455FA3171E7631A90039B155 /* CommunityProject.xcdatamodeld */ = {
			isa = XCVersionGroup;
			children = (
				455FA3181E7631A90039B155 /* CommunityProject.xcdatamodel */,
			);
			currentVersion = 455FA3181E7631A90039B155 /* CommunityProject.xcdatamodel */;
			path = CommunityProject.xcdatamodeld;
			sourceTree = "<group>";
			versionGroupType = wrapper.xcdatamodel;
		};
/* End XCVersionGroup section */
	};
	rootObject = 455FA3001E7631A80039B155 /* Project object */;
}
